// !$*UTF8*$!
{
	archiveVersion = 1;
	classes = {
	};
	objectVersion = 46;
	objects = {

/* Begin PBXBuildFile section */
		1A03CE521E94E7FD001E68A8 /* CustomCalloutView.xib in Resources */ = {isa = PBXBuildFile; fileRef = 1A03CE501E94E7FD001E68A8 /* CustomCalloutView.xib */; };
		1A0C78E01E972A4B00C1FFD5 /* PtvVideoViewController.swift in Sources */ = {isa = PBXBuildFile; fileRef = 1A0C78DF1E972A4B00C1FFD5 /* PtvVideoViewController.swift */; };
		1A0C78E51E9765C600C1FFD5 /* userData.plist in Resources */ = {isa = PBXBuildFile; fileRef = 1A0C78E41E9765C600C1FFD5 /* userData.plist */; };
		1A0C78E71E97B50800C1FFD5 /* SettingsViewController.swift in Sources */ = {isa = PBXBuildFile; fileRef = 1A0C78E61E97B50800C1FFD5 /* SettingsViewController.swift */; };
		1A0C78E91E9A699500C1FFD5 /* TranslationWebViewController.swift in Sources */ = {isa = PBXBuildFile; fileRef = 1A0C78E81E9A699500C1FFD5 /* TranslationWebViewController.swift */; };
		1A0C78EB1E9B281900C1FFD5 /* PtvMapViewController.swift in Sources */ = {isa = PBXBuildFile; fileRef = 1A0C78EA1E9B281900C1FFD5 /* PtvMapViewController.swift */; };
		1A0C78ED1E9BAA0500C1FFD5 /* PtvStops.swift in Sources */ = {isa = PBXBuildFile; fileRef = 1A0C78EC1E9BAA0500C1FFD5 /* PtvStops.swift */; };
		1A1453721E8900DF001D04BC /* FoodAboutViewController.swift in Sources */ = {isa = PBXBuildFile; fileRef = 1A1453711E8900DF001D04BC /* FoodAboutViewController.swift */; };
		1A21534A1E9F3EE2004F28EE /* TranslationViewController.swift in Sources */ = {isa = PBXBuildFile; fileRef = 1A2153491E9F3EE2004F28EE /* TranslationViewController.swift */; };
		1A27D6021E80D86300C028C1 /* FoodViewController.swift in Sources */ = {isa = PBXBuildFile; fileRef = 1A27D6011E80D86300C028C1 /* FoodViewController.swift */; };
		1A50C0E51E8494AB0077CCA1 /* Place.swift in Sources */ = {isa = PBXBuildFile; fileRef = 1A50C0E41E8494AB0077CCA1 /* Place.swift */; };
		1A50C0E71E85F5270077CCA1 /* FoodMapViewController.swift in Sources */ = {isa = PBXBuildFile; fileRef = 1A50C0E61E85F5270077CCA1 /* FoodMapViewController.swift */; };
		1A50C0EB1E86444A0077CCA1 /* FoodDetailViewController.swift in Sources */ = {isa = PBXBuildFile; fileRef = 1A50C0EA1E86444A0077CCA1 /* FoodDetailViewController.swift */; };
		1A50C0EF1E868FB50077CCA1 /* RestaurantAnnotation.swift in Sources */ = {isa = PBXBuildFile; fileRef = 1A50C0EE1E868FB50077CCA1 /* RestaurantAnnotation.swift */; };
		1A50C0F11E86A8EA0077CCA1 /* AnnotationView.swift in Sources */ = {isa = PBXBuildFile; fileRef = 1A50C0F01E86A8EA0077CCA1 /* AnnotationView.swift */; };
		1A5509911E8F6F38004786B1 /* Credits in Resources */ = {isa = PBXBuildFile; fileRef = 1A5509901E8F6F38004786B1 /* Credits */; };
		1A6B960A1EBE169600F1BEBD /* MykiIntroViewController.swift in Sources */ = {isa = PBXBuildFile; fileRef = 1A6B96091EBE169600F1BEBD /* MykiIntroViewController.swift */; };
		1A6B960D1EC03BF900F1BEBD /* BankCalloutView.xib in Resources */ = {isa = PBXBuildFile; fileRef = 1A6B960C1EC03BF900F1BEBD /* BankCalloutView.xib */; };
		1A6B960F1EC03C2900F1BEBD /* BankCallout.swift in Sources */ = {isa = PBXBuildFile; fileRef = 1A6B960E1EC03C2900F1BEBD /* BankCallout.swift */; };
		1A7AA6AC1E8BBEB90027DD34 /* MenuViewController.swift in Sources */ = {isa = PBXBuildFile; fileRef = 1A7AA6AB1E8BBEB80027DD34 /* MenuViewController.swift */; };
		1A7AA6B01E8BC9430027DD34 /* ALRadialMenu.swift in Sources */ = {isa = PBXBuildFile; fileRef = 1A7AA6AF1E8BC9430027DD34 /* ALRadialMenu.swift */; };
		1A7AA6B21E8BC9850027DD34 /* ALRadialMenuButtonAction.swift in Sources */ = {isa = PBXBuildFile; fileRef = 1A7AA6B11E8BC9850027DD34 /* ALRadialMenuButtonAction.swift */; };
		1A7B70941E94EE1E00411FC1 /* iCarousel.m in Sources */ = {isa = PBXBuildFile; fileRef = 1A7B70931E94EE1E00411FC1 /* iCarousel.m */; };
		1A873A181EAA308600464EB3 /* EmergencyAboutViewController.swift in Sources */ = {isa = PBXBuildFile; fileRef = 1A873A091EAA308600464EB3 /* EmergencyAboutViewController.swift */; };
		1A873A191EAA308600464EB3 /* EmergencyAnnotation.swift in Sources */ = {isa = PBXBuildFile; fileRef = 1A873A0A1EAA308600464EB3 /* EmergencyAnnotation.swift */; };
		1A873A1A1EAA308600464EB3 /* EmergencyCallout.swift in Sources */ = {isa = PBXBuildFile; fileRef = 1A873A0B1EAA308600464EB3 /* EmergencyCallout.swift */; };
		1A873A1B1EAA308600464EB3 /* EmergencyCalloutView.xib in Resources */ = {isa = PBXBuildFile; fileRef = 1A873A0C1EAA308600464EB3 /* EmergencyCalloutView.xib */; };
		1A873A1C1EAA308600464EB3 /* EmergencyPhotoAlbumViewController.swift in Sources */ = {isa = PBXBuildFile; fileRef = 1A873A0D1EAA308600464EB3 /* EmergencyPhotoAlbumViewController.swift */; };
		1A873A1D1EAA308600464EB3 /* EmergencyPhotoCollectionViewCell.swift in Sources */ = {isa = PBXBuildFile; fileRef = 1A873A0E1EAA308600464EB3 /* EmergencyPhotoCollectionViewCell.swift */; };
		1A873A1E1EAA308600464EB3 /* EmergencyViewController.swift in Sources */ = {isa = PBXBuildFile; fileRef = 1A873A0F1EAA308600464EB3 /* EmergencyViewController.swift */; };
		1A873A1F1EAA308600464EB3 /* EmergencyWebViewController.swift in Sources */ = {isa = PBXBuildFile; fileRef = 1A873A101EAA308600464EB3 /* EmergencyWebViewController.swift */; };
		1A873A201EAA308600464EB3 /* EmergenyDetailViewController.swift in Sources */ = {isa = PBXBuildFile; fileRef = 1A873A111EAA308600464EB3 /* EmergenyDetailViewController.swift */; };
		1A873A221EAA308600464EB3 /* Hospital.swift in Sources */ = {isa = PBXBuildFile; fileRef = 1A873A131EAA308600464EB3 /* Hospital.swift */; };
		1A873A231EAA308600464EB3 /* HospitalMapViewController.swift in Sources */ = {isa = PBXBuildFile; fileRef = 1A873A141EAA308600464EB3 /* HospitalMapViewController.swift */; };
		1A873A241EAA308600464EB3 /* LanguageTableViewCell.swift in Sources */ = {isa = PBXBuildFile; fileRef = 1A873A151EAA308600464EB3 /* LanguageTableViewCell.swift */; };
		1A873A251EAA308600464EB3 /* LanguageTableViewController.swift in Sources */ = {isa = PBXBuildFile; fileRef = 1A873A161EAA308600464EB3 /* LanguageTableViewController.swift */; };
		1A873A261EAA308600464EB3 /* PoliceMapViewController.swift in Sources */ = {isa = PBXBuildFile; fileRef = 1A873A171EAA308600464EB3 /* PoliceMapViewController.swift */; };
		1A873A2C1EAAD77700464EB3 /* AVFoundation.framework in Frameworks */ = {isa = PBXBuildFile; fileRef = 1A873A2B1EAAD77700464EB3 /* AVFoundation.framework */; };
		1A873A2E1EAB2E6900464EB3 /* StopsAnnotation.swift in Sources */ = {isa = PBXBuildFile; fileRef = 1A873A2D1EAB2E6900464EB3 /* StopsAnnotation.swift */; };
		1A873A301EAB2EDC00464EB3 /* PtvCalloutView.swift in Sources */ = {isa = PBXBuildFile; fileRef = 1A873A2F1EAB2EDC00464EB3 /* PtvCalloutView.swift */; };
		1A873A321EAB2EFA00464EB3 /* PtvCalloutView.xib in Resources */ = {isa = PBXBuildFile; fileRef = 1A873A311EAB2EFA00464EB3 /* PtvCalloutView.xib */; };
		1A873A341EAC4C6500464EB3 /* AppUtility.swift in Sources */ = {isa = PBXBuildFile; fileRef = 1A873A331EAC4C6500464EB3 /* AppUtility.swift */; };
		1A873A361EAC52EA00464EB3 /* FreeTramZoneViewController.swift in Sources */ = {isa = PBXBuildFile; fileRef = 1A873A351EAC52EA00464EB3 /* FreeTramZoneViewController.swift */; };
		1A93BAD81E8A5950009FFE04 /* WebViewController.swift in Sources */ = {isa = PBXBuildFile; fileRef = 1A93BAD71E8A5950009FFE04 /* WebViewController.swift */; };
		1AA2DF6C1EC1619500D0D76C /* SupermarketCalloutView.xib in Resources */ = {isa = PBXBuildFile; fileRef = 1AA2DF6B1EC1619500D0D76C /* SupermarketCalloutView.xib */; };
		1AA2DF6E1EC161C200D0D76C /* SupermarketCallout.swift in Sources */ = {isa = PBXBuildFile; fileRef = 1AA2DF6D1EC161C200D0D76C /* SupermarketCallout.swift */; };
		1AA899061EC7D67D0092F46A /* AboutUsViewController.swift in Sources */ = {isa = PBXBuildFile; fileRef = 1AA899051EC7D67D0092F46A /* AboutUsViewController.swift */; };
		1AA966CD1E8DE258003271AE /* Reachability.swift in Sources */ = {isa = PBXBuildFile; fileRef = 1AA966CC1E8DE258003271AE /* Reachability.swift */; };
		1AA966CF1E8E2304003271AE /* FoodPhotoAlbumViewController.swift in Sources */ = {isa = PBXBuildFile; fileRef = 1AA966CE1E8E2304003271AE /* FoodPhotoAlbumViewController.swift */; };
		1AA966D31E8E31A9003271AE /* FoodPhotoCollectionViewCell.swift in Sources */ = {isa = PBXBuildFile; fileRef = 1AA966D21E8E31A9003271AE /* FoodPhotoCollectionViewCell.swift */; };
		1AA966D91E8E51B6003271AE /* PhotoViewController.swift in Sources */ = {isa = PBXBuildFile; fileRef = 1AA966D81E8E51B6003271AE /* PhotoViewController.swift */; };
		1AAD80471EA5C6B20090D192 /*  TranslationFoodViewController.swift in Sources */ = {isa = PBXBuildFile; fileRef = 1AAD80461EA5C6B20090D192 /*  TranslationFoodViewController.swift */; };
		1AAD80491EA711770090D192 /* MykiLocationViewController.swift in Sources */ = {isa = PBXBuildFile; fileRef = 1AAD80481EA711770090D192 /* MykiLocationViewController.swift */; };
		1AAD80511EA76FC90090D192 /* MykiInfoViewController.swift in Sources */ = {isa = PBXBuildFile; fileRef = 1AAD80501EA76FC90090D192 /* MykiInfoViewController.swift */; };
		1AB24FFA1E7F8B77007CFD1B /* AppDelegate.swift in Sources */ = {isa = PBXBuildFile; fileRef = 1AB24FF91E7F8B77007CFD1B /* AppDelegate.swift */; };
		1AB24FFF1E7F8B77007CFD1B /* Main.storyboard in Resources */ = {isa = PBXBuildFile; fileRef = 1AB24FFD1E7F8B77007CFD1B /* Main.storyboard */; };
		1AB250021E7F8B77007CFD1B /* Iconified.xcdatamodeld in Sources */ = {isa = PBXBuildFile; fileRef = 1AB250001E7F8B77007CFD1B /* Iconified.xcdatamodeld */; };
		1AB250041E7F8B77007CFD1B /* Assets.xcassets in Resources */ = {isa = PBXBuildFile; fileRef = 1AB250031E7F8B77007CFD1B /* Assets.xcassets */; };
		1AB250071E7F8B77007CFD1B /* LaunchScreen.storyboard in Resources */ = {isa = PBXBuildFile; fileRef = 1AB250051E7F8B77007CFD1B /* LaunchScreen.storyboard */; };
		1AB250121E7F8B77007CFD1B /* IconifiedTests.swift in Sources */ = {isa = PBXBuildFile; fileRef = 1AB250111E7F8B77007CFD1B /* IconifiedTests.swift */; };
		1AB2501D1E7F8B77007CFD1B /* IconifiedUITests.swift in Sources */ = {isa = PBXBuildFile; fileRef = 1AB2501C1E7F8B77007CFD1B /* IconifiedUITests.swift */; };
		1AB2502C1E7FA761007CFD1B /* MapKit.framework in Frameworks */ = {isa = PBXBuildFile; fileRef = 1AB2502B1E7FA760007CFD1B /* MapKit.framework */; };
		1AB2502E1E801010007CFD1B /* HomeViewController.swift in Sources */ = {isa = PBXBuildFile; fileRef = 1AB2502D1E801010007CFD1B /* HomeViewController.swift */; };
		1ABCE4F21EA4CC2000FFFB84 /* CuisineTableViewController.swift in Sources */ = {isa = PBXBuildFile; fileRef = 1ABCE4F11EA4CC2000FFFB84 /* CuisineTableViewController.swift */; };
		1ABCE4F41EA4CC7500FFFB84 /* CuisineTableViewCell.swift in Sources */ = {isa = PBXBuildFile; fileRef = 1ABCE4F31EA4CC7500FFFB84 /* CuisineTableViewCell.swift */; };
		1AC243F51E95D355007AC863 /* CallViewCustom.swift in Sources */ = {isa = PBXBuildFile; fileRef = 1AC243F41E95D355007AC863 /* CallViewCustom.swift */; };
		1AE38CF81E94F65D0003EF52 /* TransportationDetailsViewController.swift in Sources */ = {isa = PBXBuildFile; fileRef = 1AE38CF71E94F65D0003EF52 /* TransportationDetailsViewController.swift */; };
		1AE38CFA1E94FB2A0003EF52 /* PtvWebViewController.swift in Sources */ = {isa = PBXBuildFile; fileRef = 1AE38CF91E94FB2A0003EF52 /* PtvWebViewController.swift */; };
		1AE38CFC1E95C0780003EF52 /* MykiViewController.swift in Sources */ = {isa = PBXBuildFile; fileRef = 1AE38CFB1E95C0780003EF52 /* MykiViewController.swift */; };
		1AEE66D71EC805A60042BE18 /* ArabicWebViewController.swift in Sources */ = {isa = PBXBuildFile; fileRef = 1AEE66D61EC805A60042BE18 /* ArabicWebViewController.swift */; };
		356D928F162B3AE3E2BB10D3 /* Pods_IconifiedTests.framework in Frameworks */ = {isa = PBXBuildFile; fileRef = B4A1199F9F3AD70DEB31F39A /* Pods_IconifiedTests.framework */; };
		5401EE2F1EB854C50060D3E5 /* SupermarketMapViewController.swift in Sources */ = {isa = PBXBuildFile; fileRef = 5401EE2D1EB854C50060D3E5 /* SupermarketMapViewController.swift */; };
		5401EE301EB854C50060D3E5 /* SupermarketViewController.swift in Sources */ = {isa = PBXBuildFile; fileRef = 5401EE2E1EB854C50060D3E5 /* SupermarketViewController.swift */; };
		5401EE341EB976640060D3E5 /* SuperTableViewController.swift in Sources */ = {isa = PBXBuildFile; fileRef = 5401EE331EB976640060D3E5 /* SuperTableViewController.swift */; };
		5401EE361EB976A70060D3E5 /* SuperTableViewCell.swift in Sources */ = {isa = PBXBuildFile; fileRef = 5401EE351EB976A70060D3E5 /* SuperTableViewCell.swift */; };
		5401EE3C1EB997870060D3E5 /* SupermarketAboutViewController.swift in Sources */ = {isa = PBXBuildFile; fileRef = 5401EE3B1EB997870060D3E5 /* SupermarketAboutViewController.swift */; };
		5401EE421EB99A640060D3E5 /* SupermarketDetailViewController.swift in Sources */ = {isa = PBXBuildFile; fileRef = 5401EE411EB99A640060D3E5 /* SupermarketDetailViewController.swift */; };
		5401EE441EB9A0C60060D3E5 /* Market.swift in Sources */ = {isa = PBXBuildFile; fileRef = 5401EE431EB9A0C60060D3E5 /* Market.swift */; };
		5401EE461EB9A5D10060D3E5 /* MarketAnnotation.swift in Sources */ = {isa = PBXBuildFile; fileRef = 5401EE451EB9A5D10060D3E5 /* MarketAnnotation.swift */; };
		5401EE481EB9D90B0060D3E5 /* SupermarketPhotoAlbumViewController.swift in Sources */ = {isa = PBXBuildFile; fileRef = 5401EE471EB9D90B0060D3E5 /* SupermarketPhotoAlbumViewController.swift */; };
		5401EE4A1EB9D9B20060D3E5 /* SupermarketWebViewController.swift in Sources */ = {isa = PBXBuildFile; fileRef = 5401EE491EB9D9B20060D3E5 /* SupermarketWebViewController.swift */; };
		5401EE4C1EB9E34B0060D3E5 /* Bank.swift in Sources */ = {isa = PBXBuildFile; fileRef = 5401EE4B1EB9E34B0060D3E5 /* Bank.swift */; };
		5401EE501EB9E4EA0060D3E5 /* BankAnnotation.swift in Sources */ = {isa = PBXBuildFile; fileRef = 5401EE4F1EB9E4EA0060D3E5 /* BankAnnotation.swift */; };
		5401EE561EBB3E0E0060D3E5 /* BankMapViewController.swift in Sources */ = {isa = PBXBuildFile; fileRef = 5401EE551EBB3E0E0060D3E5 /* BankMapViewController.swift */; };
		5401EE581EBB4C610060D3E5 /* BankViewController.swift in Sources */ = {isa = PBXBuildFile; fileRef = 5401EE571EBB4C610060D3E5 /* BankViewController.swift */; };
		5401EE5A1EBB563E0060D3E5 /* BankAboutViewController.swift in Sources */ = {isa = PBXBuildFile; fileRef = 5401EE591EBB563E0060D3E5 /* BankAboutViewController.swift */; };
		5401EE5C1EBB5EFF0060D3E5 /* BankDetailViewController.swift in Sources */ = {isa = PBXBuildFile; fileRef = 5401EE5B1EBB5EFF0060D3E5 /* BankDetailViewController.swift */; };
		5401EE5E1EBB70F40060D3E5 /* BankPhotoAlbumViewController.swift in Sources */ = {isa = PBXBuildFile; fileRef = 5401EE5D1EBB70F40060D3E5 /* BankPhotoAlbumViewController.swift */; };
		5401EE601EBB71BA0060D3E5 /* BankWebViewController.swift in Sources */ = {isa = PBXBuildFile; fileRef = 5401EE5F1EBB71BA0060D3E5 /* BankWebViewController.swift */; };
		545483FF935FD8218052B1D0 /* Pods_IconifiedUITests.framework in Frameworks */ = {isa = PBXBuildFile; fileRef = 19DE86583785B53C05502B91 /* Pods_IconifiedUITests.framework */; };
		549577441EA63A95003E127E /* AccommodationDetailViewController.swift in Sources */ = {isa = PBXBuildFile; fileRef = 549577411EA63A95003E127E /* AccommodationDetailViewController.swift */; };
		549577451EA63A95003E127E /* AccommodationMapViewController.swift in Sources */ = {isa = PBXBuildFile; fileRef = 549577421EA63A95003E127E /* AccommodationMapViewController.swift */; };
		549577461EA63A95003E127E /* AccommodationViewController.swift in Sources */ = {isa = PBXBuildFile; fileRef = 549577431EA63A95003E127E /* AccommodationViewController.swift */; };
		549577491EA66352003E127E /* HotelAnnotation.swift in Sources */ = {isa = PBXBuildFile; fileRef = 549577481EA66352003E127E /* HotelAnnotation.swift */; };
/* End PBXBuildFile section */

/* Begin PBXContainerItemProxy section */
		1AB2500E1E7F8B77007CFD1B /* PBXContainerItemProxy */ = {
			isa = PBXContainerItemProxy;
			containerPortal = 1AB24FEE1E7F8B77007CFD1B /* Project object */;
			proxyType = 1;
			remoteGlobalIDString = 1AB24FF51E7F8B77007CFD1B;
			remoteInfo = Iconified;
		};
		1AB250191E7F8B77007CFD1B /* PBXContainerItemProxy */ = {
			isa = PBXContainerItemProxy;
			containerPortal = 1AB24FEE1E7F8B77007CFD1B /* Project object */;
			proxyType = 1;
			remoteGlobalIDString = 1AB24FF51E7F8B77007CFD1B;
			remoteInfo = Iconified;
		};
		1ACD6A5C1E94C9F8001DF141 /* PBXContainerItemProxy */ = {
			isa = PBXContainerItemProxy;
			containerPortal = 1A50C0F21E86AC6C0077CCA1 /* Iconified.xcodeproj */;
			proxyType = 2;
			remoteGlobalIDString = 1AB24FF61E7F8B77007CFD1B;
			remoteInfo = Iconified;
		};
		1ACD6A5E1E94C9F8001DF141 /* PBXContainerItemProxy */ = {
			isa = PBXContainerItemProxy;
			containerPortal = 1A50C0F21E86AC6C0077CCA1 /* Iconified.xcodeproj */;
			proxyType = 2;
			remoteGlobalIDString = 1AB2500D1E7F8B77007CFD1B;
			remoteInfo = IconifiedTests;
		};
		1ACD6A601E94C9F8001DF141 /* PBXContainerItemProxy */ = {
			isa = PBXContainerItemProxy;
			containerPortal = 1A50C0F21E86AC6C0077CCA1 /* Iconified.xcodeproj */;
			proxyType = 2;
			remoteGlobalIDString = 1AB250181E7F8B77007CFD1B;
			remoteInfo = IconifiedUITests;
		};
/* End PBXContainerItemProxy section */

/* Begin PBXFileReference section */
		19DE86583785B53C05502B91 /* Pods_IconifiedUITests.framework */ = {isa = PBXFileReference; explicitFileType = wrapper.framework; includeInIndex = 0; path = Pods_IconifiedUITests.framework; sourceTree = BUILT_PRODUCTS_DIR; };
		1A03CE501E94E7FD001E68A8 /* CustomCalloutView.xib */ = {isa = PBXFileReference; fileEncoding = 4; lastKnownFileType = file.xib; path = CustomCalloutView.xib; sourceTree = SOURCE_ROOT; };
		1A0C78DF1E972A4B00C1FFD5 /* PtvVideoViewController.swift */ = {isa = PBXFileReference; fileEncoding = 4; lastKnownFileType = sourcecode.swift; path = PtvVideoViewController.swift; sourceTree = "<group>"; };
		1A0C78E41E9765C600C1FFD5 /* userData.plist */ = {isa = PBXFileReference; fileEncoding = 4; lastKnownFileType = text.plist.xml; path = userData.plist; sourceTree = "<group>"; };
		1A0C78E61E97B50800C1FFD5 /* SettingsViewController.swift */ = {isa = PBXFileReference; fileEncoding = 4; lastKnownFileType = sourcecode.swift; name = SettingsViewController.swift; path = Iconified/SettingsViewController.swift; sourceTree = "<group>"; };
		1A0C78E81E9A699500C1FFD5 /* TranslationWebViewController.swift */ = {isa = PBXFileReference; fileEncoding = 4; lastKnownFileType = sourcecode.swift; path = TranslationWebViewController.swift; sourceTree = "<group>"; };
		1A0C78EA1E9B281900C1FFD5 /* PtvMapViewController.swift */ = {isa = PBXFileReference; fileEncoding = 4; lastKnownFileType = sourcecode.swift; path = PtvMapViewController.swift; sourceTree = "<group>"; };
		1A0C78EC1E9BAA0500C1FFD5 /* PtvStops.swift */ = {isa = PBXFileReference; fileEncoding = 4; lastKnownFileType = sourcecode.swift; name = PtvStops.swift; path = ../PtvStops.swift; sourceTree = "<group>"; };
		1A1453711E8900DF001D04BC /* FoodAboutViewController.swift */ = {isa = PBXFileReference; fileEncoding = 4; lastKnownFileType = sourcecode.swift; path = FoodAboutViewController.swift; sourceTree = "<group>"; };
		1A2153491E9F3EE2004F28EE /* TranslationViewController.swift */ = {isa = PBXFileReference; fileEncoding = 4; lastKnownFileType = sourcecode.swift; path = TranslationViewController.swift; sourceTree = "<group>"; };
		1A27D6011E80D86300C028C1 /* FoodViewController.swift */ = {isa = PBXFileReference; fileEncoding = 4; lastKnownFileType = sourcecode.swift; path = FoodViewController.swift; sourceTree = "<group>"; };
		1A50C0E41E8494AB0077CCA1 /* Place.swift */ = {isa = PBXFileReference; fileEncoding = 4; lastKnownFileType = sourcecode.swift; path = Place.swift; sourceTree = "<group>"; };
		1A50C0E61E85F5270077CCA1 /* FoodMapViewController.swift */ = {isa = PBXFileReference; fileEncoding = 4; lastKnownFileType = sourcecode.swift; path = FoodMapViewController.swift; sourceTree = "<group>"; };
		1A50C0EA1E86444A0077CCA1 /* FoodDetailViewController.swift */ = {isa = PBXFileReference; fileEncoding = 4; lastKnownFileType = sourcecode.swift; name = FoodDetailViewController.swift; path = ../FoodDetailViewController.swift; sourceTree = "<group>"; };
		1A50C0EE1E868FB50077CCA1 /* RestaurantAnnotation.swift */ = {isa = PBXFileReference; fileEncoding = 4; lastKnownFileType = sourcecode.swift; name = RestaurantAnnotation.swift; path = ../RestaurantAnnotation.swift; sourceTree = "<group>"; };
		1A50C0F01E86A8EA0077CCA1 /* AnnotationView.swift */ = {isa = PBXFileReference; fileEncoding = 4; lastKnownFileType = sourcecode.swift; path = AnnotationView.swift; sourceTree = "<group>"; };
		1A50C0F21E86AC6C0077CCA1 /* Iconified.xcodeproj */ = {isa = PBXFileReference; lastKnownFileType = "wrapper.pb-project"; name = Iconified.xcodeproj; path = /Users/shishiraskanda/Desktop/Iconified/Iconified.xcodeproj; sourceTree = "<absolute>"; };
		1A5509901E8F6F38004786B1 /* Credits */ = {isa = PBXFileReference; fileEncoding = 4; lastKnownFileType = text; name = Credits; path = Iconified/Credits; sourceTree = "<group>"; };
		1A6B96091EBE169600F1BEBD /* MykiIntroViewController.swift */ = {isa = PBXFileReference; fileEncoding = 4; lastKnownFileType = sourcecode.swift; path = MykiIntroViewController.swift; sourceTree = "<group>"; };
		1A6B960C1EC03BF900F1BEBD /* BankCalloutView.xib */ = {isa = PBXFileReference; fileEncoding = 4; lastKnownFileType = file.xib; path = BankCalloutView.xib; sourceTree = "<group>"; };
		1A6B960E1EC03C2900F1BEBD /* BankCallout.swift */ = {isa = PBXFileReference; fileEncoding = 4; lastKnownFileType = sourcecode.swift; path = BankCallout.swift; sourceTree = "<group>"; };
		1A7AA6AB1E8BBEB80027DD34 /* MenuViewController.swift */ = {isa = PBXFileReference; fileEncoding = 4; lastKnownFileType = sourcecode.swift; name = MenuViewController.swift; path = Iconified/MenuViewController.swift; sourceTree = "<group>"; };
		1A7AA6AF1E8BC9430027DD34 /* ALRadialMenu.swift */ = {isa = PBXFileReference; fileEncoding = 4; lastKnownFileType = sourcecode.swift; path = ALRadialMenu.swift; sourceTree = "<group>"; };
		1A7AA6B11E8BC9850027DD34 /* ALRadialMenuButtonAction.swift */ = {isa = PBXFileReference; fileEncoding = 4; lastKnownFileType = sourcecode.swift; path = ALRadialMenuButtonAction.swift; sourceTree = "<group>"; };
		1A7B70931E94EE1E00411FC1 /* iCarousel.m */ = {isa = PBXFileReference; fileEncoding = 4; lastKnownFileType = sourcecode.c.objc; path = iCarousel.m; sourceTree = SOURCE_ROOT; };
		1A873A091EAA308600464EB3 /* EmergencyAboutViewController.swift */ = {isa = PBXFileReference; fileEncoding = 4; lastKnownFileType = sourcecode.swift; name = EmergencyAboutViewController.swift; path = Iconified/EmergencyAboutViewController.swift; sourceTree = "<group>"; };
		1A873A0A1EAA308600464EB3 /* EmergencyAnnotation.swift */ = {isa = PBXFileReference; fileEncoding = 4; lastKnownFileType = sourcecode.swift; name = EmergencyAnnotation.swift; path = Iconified/EmergencyAnnotation.swift; sourceTree = "<group>"; };
		1A873A0B1EAA308600464EB3 /* EmergencyCallout.swift */ = {isa = PBXFileReference; fileEncoding = 4; lastKnownFileType = sourcecode.swift; name = EmergencyCallout.swift; path = Iconified/EmergencyCallout.swift; sourceTree = "<group>"; };
		1A873A0C1EAA308600464EB3 /* EmergencyCalloutView.xib */ = {isa = PBXFileReference; fileEncoding = 4; lastKnownFileType = file.xib; name = EmergencyCalloutView.xib; path = Iconified/EmergencyCalloutView.xib; sourceTree = "<group>"; };
		1A873A0D1EAA308600464EB3 /* EmergencyPhotoAlbumViewController.swift */ = {isa = PBXFileReference; fileEncoding = 4; lastKnownFileType = sourcecode.swift; name = EmergencyPhotoAlbumViewController.swift; path = Iconified/EmergencyPhotoAlbumViewController.swift; sourceTree = "<group>"; };
		1A873A0E1EAA308600464EB3 /* EmergencyPhotoCollectionViewCell.swift */ = {isa = PBXFileReference; fileEncoding = 4; lastKnownFileType = sourcecode.swift; name = EmergencyPhotoCollectionViewCell.swift; path = Iconified/EmergencyPhotoCollectionViewCell.swift; sourceTree = "<group>"; };
		1A873A0F1EAA308600464EB3 /* EmergencyViewController.swift */ = {isa = PBXFileReference; fileEncoding = 4; lastKnownFileType = sourcecode.swift; name = EmergencyViewController.swift; path = Iconified/EmergencyViewController.swift; sourceTree = "<group>"; };
		1A873A101EAA308600464EB3 /* EmergencyWebViewController.swift */ = {isa = PBXFileReference; fileEncoding = 4; lastKnownFileType = sourcecode.swift; name = EmergencyWebViewController.swift; path = Iconified/EmergencyWebViewController.swift; sourceTree = "<group>"; };
		1A873A111EAA308600464EB3 /* EmergenyDetailViewController.swift */ = {isa = PBXFileReference; fileEncoding = 4; lastKnownFileType = sourcecode.swift; name = EmergenyDetailViewController.swift; path = Iconified/EmergenyDetailViewController.swift; sourceTree = "<group>"; };
		1A873A131EAA308600464EB3 /* Hospital.swift */ = {isa = PBXFileReference; fileEncoding = 4; lastKnownFileType = sourcecode.swift; name = Hospital.swift; path = Iconified/Hospital.swift; sourceTree = "<group>"; };
		1A873A141EAA308600464EB3 /* HospitalMapViewController.swift */ = {isa = PBXFileReference; fileEncoding = 4; lastKnownFileType = sourcecode.swift; name = HospitalMapViewController.swift; path = Iconified/HospitalMapViewController.swift; sourceTree = "<group>"; };
		1A873A151EAA308600464EB3 /* LanguageTableViewCell.swift */ = {isa = PBXFileReference; fileEncoding = 4; lastKnownFileType = sourcecode.swift; name = LanguageTableViewCell.swift; path = Iconified/LanguageTableViewCell.swift; sourceTree = "<group>"; };
		1A873A161EAA308600464EB3 /* LanguageTableViewController.swift */ = {isa = PBXFileReference; fileEncoding = 4; lastKnownFileType = sourcecode.swift; name = LanguageTableViewController.swift; path = Iconified/LanguageTableViewController.swift; sourceTree = "<group>"; };
		1A873A171EAA308600464EB3 /* PoliceMapViewController.swift */ = {isa = PBXFileReference; fileEncoding = 4; lastKnownFileType = sourcecode.swift; name = PoliceMapViewController.swift; path = Iconified/PoliceMapViewController.swift; sourceTree = "<group>"; };
		1A873A2B1EAAD77700464EB3 /* AVFoundation.framework */ = {isa = PBXFileReference; lastKnownFileType = wrapper.framework; name = AVFoundation.framework; path = System/Library/Frameworks/AVFoundation.framework; sourceTree = SDKROOT; };
		1A873A2D1EAB2E6900464EB3 /* StopsAnnotation.swift */ = {isa = PBXFileReference; fileEncoding = 4; lastKnownFileType = sourcecode.swift; path = StopsAnnotation.swift; sourceTree = "<group>"; };
		1A873A2F1EAB2EDC00464EB3 /* PtvCalloutView.swift */ = {isa = PBXFileReference; fileEncoding = 4; lastKnownFileType = sourcecode.swift; path = PtvCalloutView.swift; sourceTree = "<group>"; };
		1A873A311EAB2EFA00464EB3 /* PtvCalloutView.xib */ = {isa = PBXFileReference; fileEncoding = 4; lastKnownFileType = file.xib; path = PtvCalloutView.xib; sourceTree = "<group>"; };
		1A873A331EAC4C6500464EB3 /* AppUtility.swift */ = {isa = PBXFileReference; fileEncoding = 4; lastKnownFileType = sourcecode.swift; path = AppUtility.swift; sourceTree = "<group>"; };
		1A873A351EAC52EA00464EB3 /* FreeTramZoneViewController.swift */ = {isa = PBXFileReference; fileEncoding = 4; lastKnownFileType = sourcecode.swift; path = FreeTramZoneViewController.swift; sourceTree = "<group>"; };
		1A93BAD71E8A5950009FFE04 /* WebViewController.swift */ = {isa = PBXFileReference; fileEncoding = 4; lastKnownFileType = sourcecode.swift; path = WebViewController.swift; sourceTree = "<group>"; };
		1AA2DF6B1EC1619500D0D76C /* SupermarketCalloutView.xib */ = {isa = PBXFileReference; fileEncoding = 4; lastKnownFileType = file.xib; path = SupermarketCalloutView.xib; sourceTree = "<group>"; };
		1AA2DF6D1EC161C200D0D76C /* SupermarketCallout.swift */ = {isa = PBXFileReference; fileEncoding = 4; lastKnownFileType = sourcecode.swift; path = SupermarketCallout.swift; sourceTree = "<group>"; };
		1AA899051EC7D67D0092F46A /* AboutUsViewController.swift */ = {isa = PBXFileReference; fileEncoding = 4; lastKnownFileType = sourcecode.swift; path = AboutUsViewController.swift; sourceTree = "<group>"; };
		1AA966CC1E8DE258003271AE /* Reachability.swift */ = {isa = PBXFileReference; fileEncoding = 4; lastKnownFileType = sourcecode.swift; name = Reachability.swift; path = Iconified/Reachability.swift; sourceTree = "<group>"; };
		1AA966CE1E8E2304003271AE /* FoodPhotoAlbumViewController.swift */ = {isa = PBXFileReference; fileEncoding = 4; lastKnownFileType = sourcecode.swift; path = FoodPhotoAlbumViewController.swift; sourceTree = "<group>"; };
		1AA966D21E8E31A9003271AE /* FoodPhotoCollectionViewCell.swift */ = {isa = PBXFileReference; fileEncoding = 4; lastKnownFileType = sourcecode.swift; path = FoodPhotoCollectionViewCell.swift; sourceTree = "<group>"; };
		1AA966D41E8E5036003271AE /* Iconified-Bridging-Header.h */ = {isa = PBXFileReference; lastKnownFileType = sourcecode.c.h; path = "Iconified-Bridging-Header.h"; sourceTree = "<group>"; };
		1AA966D81E8E51B6003271AE /* PhotoViewController.swift */ = {isa = PBXFileReference; fileEncoding = 4; lastKnownFileType = sourcecode.swift; path = PhotoViewController.swift; sourceTree = "<group>"; };
		1AAD80461EA5C6B20090D192 /*  TranslationFoodViewController.swift */ = {isa = PBXFileReference; fileEncoding = 4; lastKnownFileType = sourcecode.swift; path = " TranslationFoodViewController.swift"; sourceTree = "<group>"; };
		1AAD80481EA711770090D192 /* MykiLocationViewController.swift */ = {isa = PBXFileReference; fileEncoding = 4; lastKnownFileType = sourcecode.swift; path = MykiLocationViewController.swift; sourceTree = "<group>"; };
		1AAD80501EA76FC90090D192 /* MykiInfoViewController.swift */ = {isa = PBXFileReference; fileEncoding = 4; lastKnownFileType = sourcecode.swift; path = MykiInfoViewController.swift; sourceTree = "<group>"; };
		1AB24FF61E7F8B77007CFD1B /* Iconified.app */ = {isa = PBXFileReference; explicitFileType = wrapper.application; includeInIndex = 0; path = Iconified.app; sourceTree = BUILT_PRODUCTS_DIR; };
		1AB24FF91E7F8B77007CFD1B /* AppDelegate.swift */ = {isa = PBXFileReference; lastKnownFileType = sourcecode.swift; path = AppDelegate.swift; sourceTree = "<group>"; };
		1AB24FFE1E7F8B77007CFD1B /* Base */ = {isa = PBXFileReference; lastKnownFileType = file.storyboard; name = Base; path = Base.lproj/Main.storyboard; sourceTree = "<group>"; };
		1AB250011E7F8B77007CFD1B /* Iconified.xcdatamodel */ = {isa = PBXFileReference; lastKnownFileType = wrapper.xcdatamodel; path = Iconified.xcdatamodel; sourceTree = "<group>"; };
		1AB250031E7F8B77007CFD1B /* Assets.xcassets */ = {isa = PBXFileReference; lastKnownFileType = folder.assetcatalog; path = Assets.xcassets; sourceTree = "<group>"; };
		1AB250061E7F8B77007CFD1B /* Base */ = {isa = PBXFileReference; lastKnownFileType = file.storyboard; name = Base; path = Base.lproj/LaunchScreen.storyboard; sourceTree = "<group>"; };
		1AB250081E7F8B77007CFD1B /* Info.plist */ = {isa = PBXFileReference; lastKnownFileType = text.plist.xml; path = Info.plist; sourceTree = "<group>"; };
		1AB2500D1E7F8B77007CFD1B /* IconifiedTests.xctest */ = {isa = PBXFileReference; explicitFileType = wrapper.cfbundle; includeInIndex = 0; path = IconifiedTests.xctest; sourceTree = BUILT_PRODUCTS_DIR; };
		1AB250111E7F8B77007CFD1B /* IconifiedTests.swift */ = {isa = PBXFileReference; lastKnownFileType = sourcecode.swift; path = IconifiedTests.swift; sourceTree = "<group>"; };
		1AB250131E7F8B77007CFD1B /* Info.plist */ = {isa = PBXFileReference; lastKnownFileType = text.plist.xml; path = Info.plist; sourceTree = "<group>"; };
		1AB250181E7F8B77007CFD1B /* IconifiedUITests.xctest */ = {isa = PBXFileReference; explicitFileType = wrapper.cfbundle; includeInIndex = 0; path = IconifiedUITests.xctest; sourceTree = BUILT_PRODUCTS_DIR; };
		1AB2501C1E7F8B77007CFD1B /* IconifiedUITests.swift */ = {isa = PBXFileReference; lastKnownFileType = sourcecode.swift; path = IconifiedUITests.swift; sourceTree = "<group>"; };
		1AB2501E1E7F8B77007CFD1B /* Info.plist */ = {isa = PBXFileReference; lastKnownFileType = text.plist.xml; path = Info.plist; sourceTree = "<group>"; };
		1AB2502B1E7FA760007CFD1B /* MapKit.framework */ = {isa = PBXFileReference; lastKnownFileType = wrapper.framework; name = MapKit.framework; path = System/Library/Frameworks/MapKit.framework; sourceTree = SDKROOT; };
		1AB2502D1E801010007CFD1B /* HomeViewController.swift */ = {isa = PBXFileReference; fileEncoding = 4; lastKnownFileType = sourcecode.swift; name = HomeViewController.swift; path = Iconified/HomeViewController.swift; sourceTree = "<group>"; };
		1ABCE4F11EA4CC2000FFFB84 /* CuisineTableViewController.swift */ = {isa = PBXFileReference; fileEncoding = 4; lastKnownFileType = sourcecode.swift; path = CuisineTableViewController.swift; sourceTree = "<group>"; };
		1ABCE4F31EA4CC7500FFFB84 /* CuisineTableViewCell.swift */ = {isa = PBXFileReference; fileEncoding = 4; lastKnownFileType = sourcecode.swift; path = CuisineTableViewCell.swift; sourceTree = "<group>"; };
		1AC243F41E95D355007AC863 /* CallViewCustom.swift */ = {isa = PBXFileReference; fileEncoding = 4; lastKnownFileType = sourcecode.swift; name = CallViewCustom.swift; path = ../CallViewCustom.swift; sourceTree = "<group>"; };
		1AE38CF71E94F65D0003EF52 /* TransportationDetailsViewController.swift */ = {isa = PBXFileReference; fileEncoding = 4; lastKnownFileType = sourcecode.swift; path = TransportationDetailsViewController.swift; sourceTree = "<group>"; };
		1AE38CF91E94FB2A0003EF52 /* PtvWebViewController.swift */ = {isa = PBXFileReference; fileEncoding = 4; lastKnownFileType = sourcecode.swift; path = PtvWebViewController.swift; sourceTree = "<group>"; };
		1AE38CFB1E95C0780003EF52 /* MykiViewController.swift */ = {isa = PBXFileReference; fileEncoding = 4; lastKnownFileType = sourcecode.swift; path = MykiViewController.swift; sourceTree = "<group>"; };
		1AEE66D61EC805A60042BE18 /* ArabicWebViewController.swift */ = {isa = PBXFileReference; fileEncoding = 4; lastKnownFileType = sourcecode.swift; path = ArabicWebViewController.swift; sourceTree = "<group>"; };
		1AF0E8AE1E94E44E00816054 /* iCarousel.h */ = {isa = PBXFileReference; fileEncoding = 4; lastKnownFileType = sourcecode.c.h; path = iCarousel.h; sourceTree = SOURCE_ROOT; };
		2E1F4552E5EA655BED78E940 /* Pods-Iconified.release.xcconfig */ = {isa = PBXFileReference; includeInIndex = 1; lastKnownFileType = text.xcconfig; name = "Pods-Iconified.release.xcconfig"; path = "Pods/Target Support Files/Pods-Iconified/Pods-Iconified.release.xcconfig"; sourceTree = "<group>"; };
		5401EE2D1EB854C50060D3E5 /* SupermarketMapViewController.swift */ = {isa = PBXFileReference; fileEncoding = 4; lastKnownFileType = sourcecode.swift; path = SupermarketMapViewController.swift; sourceTree = "<group>"; };
		5401EE2E1EB854C50060D3E5 /* SupermarketViewController.swift */ = {isa = PBXFileReference; fileEncoding = 4; lastKnownFileType = sourcecode.swift; path = SupermarketViewController.swift; sourceTree = "<group>"; };
		5401EE331EB976640060D3E5 /* SuperTableViewController.swift */ = {isa = PBXFileReference; fileEncoding = 4; lastKnownFileType = sourcecode.swift; path = SuperTableViewController.swift; sourceTree = "<group>"; };
		5401EE351EB976A70060D3E5 /* SuperTableViewCell.swift */ = {isa = PBXFileReference; fileEncoding = 4; lastKnownFileType = sourcecode.swift; path = SuperTableViewCell.swift; sourceTree = "<group>"; };
		5401EE3B1EB997870060D3E5 /* SupermarketAboutViewController.swift */ = {isa = PBXFileReference; fileEncoding = 4; lastKnownFileType = sourcecode.swift; path = SupermarketAboutViewController.swift; sourceTree = "<group>"; };
		5401EE411EB99A640060D3E5 /* SupermarketDetailViewController.swift */ = {isa = PBXFileReference; fileEncoding = 4; lastKnownFileType = sourcecode.swift; path = SupermarketDetailViewController.swift; sourceTree = "<group>"; };
		5401EE431EB9A0C60060D3E5 /* Market.swift */ = {isa = PBXFileReference; fileEncoding = 4; lastKnownFileType = sourcecode.swift; path = Market.swift; sourceTree = "<group>"; };
		5401EE451EB9A5D10060D3E5 /* MarketAnnotation.swift */ = {isa = PBXFileReference; fileEncoding = 4; lastKnownFileType = sourcecode.swift; path = MarketAnnotation.swift; sourceTree = "<group>"; };
		5401EE471EB9D90B0060D3E5 /* SupermarketPhotoAlbumViewController.swift */ = {isa = PBXFileReference; fileEncoding = 4; lastKnownFileType = sourcecode.swift; path = SupermarketPhotoAlbumViewController.swift; sourceTree = "<group>"; };
		5401EE491EB9D9B20060D3E5 /* SupermarketWebViewController.swift */ = {isa = PBXFileReference; fileEncoding = 4; lastKnownFileType = sourcecode.swift; path = SupermarketWebViewController.swift; sourceTree = "<group>"; };
		5401EE4B1EB9E34B0060D3E5 /* Bank.swift */ = {isa = PBXFileReference; fileEncoding = 4; lastKnownFileType = sourcecode.swift; path = Bank.swift; sourceTree = "<group>"; };
		5401EE4F1EB9E4EA0060D3E5 /* BankAnnotation.swift */ = {isa = PBXFileReference; fileEncoding = 4; lastKnownFileType = sourcecode.swift; path = BankAnnotation.swift; sourceTree = "<group>"; };
		5401EE551EBB3E0E0060D3E5 /* BankMapViewController.swift */ = {isa = PBXFileReference; fileEncoding = 4; lastKnownFileType = sourcecode.swift; path = BankMapViewController.swift; sourceTree = "<group>"; };
		5401EE571EBB4C610060D3E5 /* BankViewController.swift */ = {isa = PBXFileReference; fileEncoding = 4; lastKnownFileType = sourcecode.swift; path = BankViewController.swift; sourceTree = "<group>"; };
		5401EE591EBB563E0060D3E5 /* BankAboutViewController.swift */ = {isa = PBXFileReference; fileEncoding = 4; lastKnownFileType = sourcecode.swift; path = BankAboutViewController.swift; sourceTree = "<group>"; };
		5401EE5B1EBB5EFF0060D3E5 /* BankDetailViewController.swift */ = {isa = PBXFileReference; fileEncoding = 4; lastKnownFileType = sourcecode.swift; path = BankDetailViewController.swift; sourceTree = "<group>"; };
		5401EE5D1EBB70F40060D3E5 /* BankPhotoAlbumViewController.swift */ = {isa = PBXFileReference; fileEncoding = 4; lastKnownFileType = sourcecode.swift; path = BankPhotoAlbumViewController.swift; sourceTree = "<group>"; };
		5401EE5F1EBB71BA0060D3E5 /* BankWebViewController.swift */ = {isa = PBXFileReference; fileEncoding = 4; lastKnownFileType = sourcecode.swift; path = BankWebViewController.swift; sourceTree = "<group>"; };
		549577411EA63A95003E127E /* AccommodationDetailViewController.swift */ = {isa = PBXFileReference; fileEncoding = 4; lastKnownFileType = sourcecode.swift; path = AccommodationDetailViewController.swift; sourceTree = "<group>"; };
		549577421EA63A95003E127E /* AccommodationMapViewController.swift */ = {isa = PBXFileReference; fileEncoding = 4; lastKnownFileType = sourcecode.swift; path = AccommodationMapViewController.swift; sourceTree = "<group>"; };
		549577431EA63A95003E127E /* AccommodationViewController.swift */ = {isa = PBXFileReference; fileEncoding = 4; lastKnownFileType = sourcecode.swift; path = AccommodationViewController.swift; sourceTree = "<group>"; };
		549577481EA66352003E127E /* HotelAnnotation.swift */ = {isa = PBXFileReference; fileEncoding = 4; lastKnownFileType = sourcecode.swift; path = HotelAnnotation.swift; sourceTree = "<group>"; };
		74E0D9F88268A0532FB05565 /* Pods_Iconified.framework */ = {isa = PBXFileReference; explicitFileType = wrapper.framework; includeInIndex = 0; path = Pods_Iconified.framework; sourceTree = BUILT_PRODUCTS_DIR; };
		92A83969EA3FE18C2990B71A /* Pods-IconifiedTests.debug.xcconfig */ = {isa = PBXFileReference; includeInIndex = 1; lastKnownFileType = text.xcconfig; name = "Pods-IconifiedTests.debug.xcconfig"; path = "Pods/Target Support Files/Pods-IconifiedTests/Pods-IconifiedTests.debug.xcconfig"; sourceTree = "<group>"; };
		AD71392850B55F68E56CC765 /* Pods-IconifiedUITests.release.xcconfig */ = {isa = PBXFileReference; includeInIndex = 1; lastKnownFileType = text.xcconfig; name = "Pods-IconifiedUITests.release.xcconfig"; path = "Pods/Target Support Files/Pods-IconifiedUITests/Pods-IconifiedUITests.release.xcconfig"; sourceTree = "<group>"; };
		B4A1199F9F3AD70DEB31F39A /* Pods_IconifiedTests.framework */ = {isa = PBXFileReference; explicitFileType = wrapper.framework; includeInIndex = 0; path = Pods_IconifiedTests.framework; sourceTree = BUILT_PRODUCTS_DIR; };
		B9E9CE75970723E465043775 /* Pods-Iconified.debug.xcconfig */ = {isa = PBXFileReference; includeInIndex = 1; lastKnownFileType = text.xcconfig; name = "Pods-Iconified.debug.xcconfig"; path = "Pods/Target Support Files/Pods-Iconified/Pods-Iconified.debug.xcconfig"; sourceTree = "<group>"; };
		E69ED678F34EA659AE90BB49 /* Pods-IconifiedTests.release.xcconfig */ = {isa = PBXFileReference; includeInIndex = 1; lastKnownFileType = text.xcconfig; name = "Pods-IconifiedTests.release.xcconfig"; path = "Pods/Target Support Files/Pods-IconifiedTests/Pods-IconifiedTests.release.xcconfig"; sourceTree = "<group>"; };
		F7E96B09B0A5895AF8537ED8 /* Pods-IconifiedUITests.debug.xcconfig */ = {isa = PBXFileReference; includeInIndex = 1; lastKnownFileType = text.xcconfig; name = "Pods-IconifiedUITests.debug.xcconfig"; path = "Pods/Target Support Files/Pods-IconifiedUITests/Pods-IconifiedUITests.debug.xcconfig"; sourceTree = "<group>"; };
/* End PBXFileReference section */

/* Begin PBXFrameworksBuildPhase section */
		1AB24FF31E7F8B77007CFD1B /* Frameworks */ = {
			isa = PBXFrameworksBuildPhase;
			buildActionMask = 2147483647;
			files = (
				1A873A2C1EAAD77700464EB3 /* AVFoundation.framework in Frameworks */,
				1AB2502C1E7FA761007CFD1B /* MapKit.framework in Frameworks */,
			);
			runOnlyForDeploymentPostprocessing = 0;
		};
		1AB2500A1E7F8B77007CFD1B /* Frameworks */ = {
			isa = PBXFrameworksBuildPhase;
			buildActionMask = 2147483647;
			files = (
				356D928F162B3AE3E2BB10D3 /* Pods_IconifiedTests.framework in Frameworks */,
			);
			runOnlyForDeploymentPostprocessing = 0;
		};
		1AB250151E7F8B77007CFD1B /* Frameworks */ = {
			isa = PBXFrameworksBuildPhase;
			buildActionMask = 2147483647;
			files = (
				545483FF935FD8218052B1D0 /* Pods_IconifiedUITests.framework in Frameworks */,
			);
			runOnlyForDeploymentPostprocessing = 0;
		};
/* End PBXFrameworksBuildPhase section */

/* Begin PBXGroup section */
		1A1453631E86ADF3001D04BC /* Products */ = {
			isa = PBXGroup;
			children = (
				1ACD6A5D1E94C9F8001DF141 /* Iconified.app */,
				1ACD6A5F1E94C9F8001DF141 /* IconifiedTests.xctest */,
				1ACD6A611E94C9F8001DF141 /* IconifiedUITests.xctest */,
			);
			name = Products;
			sourceTree = "<group>";
		};
		1A1453651E86AE24001D04BC /* CustomCalloutView */ = {
			isa = PBXGroup;
			children = (
				1A03CE501E94E7FD001E68A8 /* CustomCalloutView.xib */,
				1AC243F41E95D355007AC863 /* CallViewCustom.swift */,
			);
			name = CustomCalloutView;
			sourceTree = "<group>";
		};
		1A14536A1E874744001D04BC /* Food */ = {
			isa = PBXGroup;
			children = (
				1A27D6011E80D86300C028C1 /* FoodViewController.swift */,
				1A50C0E61E85F5270077CCA1 /* FoodMapViewController.swift */,
				1ABCE4F11EA4CC2000FFFB84 /* CuisineTableViewController.swift */,
				1ABCE4F31EA4CC7500FFFB84 /* CuisineTableViewCell.swift */,
				1A50C0EA1E86444A0077CCA1 /* FoodDetailViewController.swift */,
				1A1453711E8900DF001D04BC /* FoodAboutViewController.swift */,
				1A93BAD71E8A5950009FFE04 /* WebViewController.swift */,
				1AAD80461EA5C6B20090D192 /*  TranslationFoodViewController.swift */,
				1A50C0F01E86A8EA0077CCA1 /* AnnotationView.swift */,
				1A50C0EE1E868FB50077CCA1 /* RestaurantAnnotation.swift */,
				1A50C0E41E8494AB0077CCA1 /* Place.swift */,
				1AA966CE1E8E2304003271AE /* FoodPhotoAlbumViewController.swift */,
				1AA966D21E8E31A9003271AE /* FoodPhotoCollectionViewCell.swift */,
				1AA966D81E8E51B6003271AE /* PhotoViewController.swift */,
				1A1453651E86AE24001D04BC /* CustomCalloutView */,
			);
			name = Food;
			sourceTree = "<group>";
		};
		1A14536C1E8747B7001D04BC /* Transportation */ = {
			isa = PBXGroup;
			children = (
				1AE38CF71E94F65D0003EF52 /* TransportationDetailsViewController.swift */,
				1AE38CFB1E95C0780003EF52 /* MykiViewController.swift */,
				1AE38CF91E94FB2A0003EF52 /* PtvWebViewController.swift */,
				1A0C78E81E9A699500C1FFD5 /* TranslationWebViewController.swift */,
				1A0C78DF1E972A4B00C1FFD5 /* PtvVideoViewController.swift */,
				1A0C78EA1E9B281900C1FFD5 /* PtvMapViewController.swift */,
				1A0C78EC1E9BAA0500C1FFD5 /* PtvStops.swift */,
				1AAD80481EA711770090D192 /* MykiLocationViewController.swift */,
				1AAD80501EA76FC90090D192 /* MykiInfoViewController.swift */,
				1A873A2D1EAB2E6900464EB3 /* StopsAnnotation.swift */,
				1A873A2F1EAB2EDC00464EB3 /* PtvCalloutView.swift */,
				1A873A311EAB2EFA00464EB3 /* PtvCalloutView.xib */,
				1A873A351EAC52EA00464EB3 /* FreeTramZoneViewController.swift */,
				1A6B96091EBE169600F1BEBD /* MykiIntroViewController.swift */,
				1AEE66D61EC805A60042BE18 /* ArabicWebViewController.swift */,
			);
			name = Transportation;
			sourceTree = "<group>";
		};
		1A15C7061E935B36002658A9 /* Translator */ = {
			isa = PBXGroup;
			children = (
				1A2153491E9F3EE2004F28EE /* TranslationViewController.swift */,
			);
			name = Translator;
			sourceTree = "<group>";
		};
		1A50C0F31E86AC6C0077CCA1 /* IconifiedProject */ = {
			isa = PBXGroup;
			children = (
				1A50C0F21E86AC6C0077CCA1 /* Iconified.xcodeproj */,
			);
			name = IconifiedProject;
			path = Iconified.xcodeproj;
			sourceTree = SOURCE_ROOT;
		};
		1A7AA6B31E8CF4AC0027DD34 /* General */ = {
			isa = PBXGroup;
			children = (
				1A5509901E8F6F38004786B1 /* Credits */,
				1A7AA6B11E8BC9850027DD34 /* ALRadialMenuButtonAction.swift */,
				1A7AA6AF1E8BC9430027DD34 /* ALRadialMenu.swift */,
				1AB2502D1E801010007CFD1B /* HomeViewController.swift */,
				1A7AA6AB1E8BBEB80027DD34 /* MenuViewController.swift */,
				1AA966CC1E8DE258003271AE /* Reachability.swift */,
				1A0C78E61E97B50800C1FFD5 /* SettingsViewController.swift */,
				1AA899051EC7D67D0092F46A /* AboutUsViewController.swift */,
			);
			name = General;
			path = ..;
			sourceTree = "<group>";
		};
		1A7AA6B41E8CFAE00027DD34 /* User Interface */ = {
			isa = PBXGroup;
			children = (
				1AB24FFD1E7F8B77007CFD1B /* Main.storyboard */,
				1AB250051E7F8B77007CFD1B /* LaunchScreen.storyboard */,
				1AB250031E7F8B77007CFD1B /* Assets.xcassets */,
				1AE38CF61E94F5A10003EF52 /* Carousel */,
			);
			name = "User Interface";
			sourceTree = "<group>";
		};
		1A873A2A1EAA309800464EB3 /* Emergency */ = {
			isa = PBXGroup;
			children = (
				1A873A171EAA308600464EB3 /* PoliceMapViewController.swift */,
				1A873A151EAA308600464EB3 /* LanguageTableViewCell.swift */,
				1A873A161EAA308600464EB3 /* LanguageTableViewController.swift */,
				1A873A141EAA308600464EB3 /* HospitalMapViewController.swift */,
				1A873A131EAA308600464EB3 /* Hospital.swift */,
				1A873A111EAA308600464EB3 /* EmergenyDetailViewController.swift */,
				1A873A101EAA308600464EB3 /* EmergencyWebViewController.swift */,
				1A873A0F1EAA308600464EB3 /* EmergencyViewController.swift */,
				1A873A0E1EAA308600464EB3 /* EmergencyPhotoCollectionViewCell.swift */,
				1A873A0D1EAA308600464EB3 /* EmergencyPhotoAlbumViewController.swift */,
				1A873A0C1EAA308600464EB3 /* EmergencyCalloutView.xib */,
				1A873A0B1EAA308600464EB3 /* EmergencyCallout.swift */,
				1A873A0A1EAA308600464EB3 /* EmergencyAnnotation.swift */,
				1A873A091EAA308600464EB3 /* EmergencyAboutViewController.swift */,
			);
			name = Emergency;
			path = ..;
			sourceTree = "<group>";
		};
		1AB24FED1E7F8B77007CFD1B = {
			isa = PBXGroup;
			children = (
				1AB24FF81E7F8B77007CFD1B /* Iconified */,
				1AB250101E7F8B77007CFD1B /* IconifiedTests */,
				1AB2501B1E7F8B77007CFD1B /* IconifiedUITests */,
				1AB24FF71E7F8B77007CFD1B /* Products */,
				1AB2502A1E7FA760007CFD1B /* Frameworks */,
				FD20F8C9290C3B88DE7CA125 /* Pods */,
			);
			sourceTree = "<group>";
		};
		1AB24FF71E7F8B77007CFD1B /* Products */ = {
			isa = PBXGroup;
			children = (
				1AB24FF61E7F8B77007CFD1B /* Iconified.app */,
				1AB2500D1E7F8B77007CFD1B /* IconifiedTests.xctest */,
				1AB250181E7F8B77007CFD1B /* IconifiedUITests.xctest */,
			);
			name = Products;
			sourceTree = "<group>";
		};
		1AB24FF81E7F8B77007CFD1B /* Iconified */ = {
			isa = PBXGroup;
			children = (
				5401EE2C1EB854AC0060D3E5 /* Supermarket */,
				5401EE271EB854830060D3E5 /* Bank */,
				1A873A2A1EAA309800464EB3 /* Emergency */,
				549577401EA63A7F003E127E /* Accommodation */,
				1A7AA6B41E8CFAE00027DD34 /* User Interface */,
				1A15C7061E935B36002658A9 /* Translator */,
				1A7AA6B31E8CF4AC0027DD34 /* General */,
				1A14536A1E874744001D04BC /* Food */,
				1A14536C1E8747B7001D04BC /* Transportation */,
				1AB250081E7F8B77007CFD1B /* Info.plist */,
				1AB24FF91E7F8B77007CFD1B /* AppDelegate.swift */,
				1A873A331EAC4C6500464EB3 /* AppUtility.swift */,
				1A0C78E41E9765C600C1FFD5 /* userData.plist */,
				1AB250001E7F8B77007CFD1B /* Iconified.xcdatamodeld */,
				1A50C0F31E86AC6C0077CCA1 /* IconifiedProject */,
			);
			path = Iconified;
			sourceTree = "<group>";
		};
		1AB250101E7F8B77007CFD1B /* IconifiedTests */ = {
			isa = PBXGroup;
			children = (
				1AB250111E7F8B77007CFD1B /* IconifiedTests.swift */,
				1AB250131E7F8B77007CFD1B /* Info.plist */,
			);
			path = IconifiedTests;
			sourceTree = "<group>";
		};
		1AB2501B1E7F8B77007CFD1B /* IconifiedUITests */ = {
			isa = PBXGroup;
			children = (
				1AB2501C1E7F8B77007CFD1B /* IconifiedUITests.swift */,
				1AB2501E1E7F8B77007CFD1B /* Info.plist */,
			);
			path = IconifiedUITests;
			sourceTree = "<group>";
		};
		1AB2502A1E7FA760007CFD1B /* Frameworks */ = {
			isa = PBXGroup;
			children = (
				1A873A2B1EAAD77700464EB3 /* AVFoundation.framework */,
				1AB2502B1E7FA760007CFD1B /* MapKit.framework */,
				74E0D9F88268A0532FB05565 /* Pods_Iconified.framework */,
				B4A1199F9F3AD70DEB31F39A /* Pods_IconifiedTests.framework */,
				19DE86583785B53C05502B91 /* Pods_IconifiedUITests.framework */,
			);
			name = Frameworks;
			sourceTree = "<group>";
		};
		1AE38CF61E94F5A10003EF52 /* Carousel */ = {
			isa = PBXGroup;
			children = (
				1A7B70931E94EE1E00411FC1 /* iCarousel.m */,
				1AF0E8AE1E94E44E00816054 /* iCarousel.h */,
				1AA966D41E8E5036003271AE /* Iconified-Bridging-Header.h */,
			);
			name = Carousel;
			sourceTree = "<group>";
		};
		5401EE271EB854830060D3E5 /* Bank */ = {
			isa = PBXGroup;
			children = (
				5401EE551EBB3E0E0060D3E5 /* BankMapViewController.swift */,
				5401EE571EBB4C610060D3E5 /* BankViewController.swift */,
				5401EE4B1EB9E34B0060D3E5 /* Bank.swift */,
				5401EE4F1EB9E4EA0060D3E5 /* BankAnnotation.swift */,
				5401EE591EBB563E0060D3E5 /* BankAboutViewController.swift */,
				5401EE5B1EBB5EFF0060D3E5 /* BankDetailViewController.swift */,
				5401EE5D1EBB70F40060D3E5 /* BankPhotoAlbumViewController.swift */,
				5401EE5F1EBB71BA0060D3E5 /* BankWebViewController.swift */,
				1A6B960C1EC03BF900F1BEBD /* BankCalloutView.xib */,
				1A6B960E1EC03C2900F1BEBD /* BankCallout.swift */,
			);
			name = Bank;
			sourceTree = "<group>";
		};
		5401EE2C1EB854AC0060D3E5 /* Supermarket */ = {
			isa = PBXGroup;
			children = (
				5401EE2D1EB854C50060D3E5 /* SupermarketMapViewController.swift */,
				5401EE2E1EB854C50060D3E5 /* SupermarketViewController.swift */,
				5401EE331EB976640060D3E5 /* SuperTableViewController.swift */,
				5401EE351EB976A70060D3E5 /* SuperTableViewCell.swift */,
				5401EE3B1EB997870060D3E5 /* SupermarketAboutViewController.swift */,
				5401EE411EB99A640060D3E5 /* SupermarketDetailViewController.swift */,
				5401EE431EB9A0C60060D3E5 /* Market.swift */,
				5401EE451EB9A5D10060D3E5 /* MarketAnnotation.swift */,
				5401EE471EB9D90B0060D3E5 /* SupermarketPhotoAlbumViewController.swift */,
				5401EE491EB9D9B20060D3E5 /* SupermarketWebViewController.swift */,
				1AA2DF6B1EC1619500D0D76C /* SupermarketCalloutView.xib */,
				1AA2DF6D1EC161C200D0D76C /* SupermarketCallout.swift */,
			);
			name = Supermarket;
			sourceTree = "<group>";
		};
		549577401EA63A7F003E127E /* Accommodation */ = {
			isa = PBXGroup;
			children = (
				549577411EA63A95003E127E /* AccommodationDetailViewController.swift */,
				549577421EA63A95003E127E /* AccommodationMapViewController.swift */,
				549577431EA63A95003E127E /* AccommodationViewController.swift */,
				549577481EA66352003E127E /* HotelAnnotation.swift */,
			);
			name = Accommodation;
			sourceTree = "<group>";
		};
		FD20F8C9290C3B88DE7CA125 /* Pods */ = {
			isa = PBXGroup;
			children = (
				B9E9CE75970723E465043775 /* Pods-Iconified.debug.xcconfig */,
				2E1F4552E5EA655BED78E940 /* Pods-Iconified.release.xcconfig */,
				92A83969EA3FE18C2990B71A /* Pods-IconifiedTests.debug.xcconfig */,
				E69ED678F34EA659AE90BB49 /* Pods-IconifiedTests.release.xcconfig */,
				F7E96B09B0A5895AF8537ED8 /* Pods-IconifiedUITests.debug.xcconfig */,
				AD71392850B55F68E56CC765 /* Pods-IconifiedUITests.release.xcconfig */,
			);
			name = Pods;
			sourceTree = "<group>";
		};
/* End PBXGroup section */

/* Begin PBXNativeTarget section */
		1AB24FF51E7F8B77007CFD1B /* Iconified */ = {
			isa = PBXNativeTarget;
			buildConfigurationList = 1AB250211E7F8B77007CFD1B /* Build configuration list for PBXNativeTarget "Iconified" */;
			buildPhases = (
				0CDE5DE8D8402977B1241C4A /* [CP] Check Pods Manifest.lock */,
				1AB24FF21E7F8B77007CFD1B /* Sources */,
				1AB24FF31E7F8B77007CFD1B /* Frameworks */,
				1AB24FF41E7F8B77007CFD1B /* Resources */,
				BAF443770A6C9C38395F464B /* [CP] Embed Pods Frameworks */,
				0E38F089E6065A0A242AFE77 /* [CP] Copy Pods Resources */,
			);
			buildRules = (
			);
			dependencies = (
			);
			name = Iconified;
			productName = Iconified;
			productReference = 1AB24FF61E7F8B77007CFD1B /* Iconified.app */;
			productType = "com.apple.product-type.application";
		};
		1AB2500C1E7F8B77007CFD1B /* IconifiedTests */ = {
			isa = PBXNativeTarget;
			buildConfigurationList = 1AB250241E7F8B77007CFD1B /* Build configuration list for PBXNativeTarget "IconifiedTests" */;
			buildPhases = (
				C9C12D255A674BAF0D8EA66A /* [CP] Check Pods Manifest.lock */,
				1AB250091E7F8B77007CFD1B /* Sources */,
				1AB2500A1E7F8B77007CFD1B /* Frameworks */,
				1AB2500B1E7F8B77007CFD1B /* Resources */,
				FF794E93FF2D76B5CC1C14E3 /* [CP] Embed Pods Frameworks */,
				D981BD62E5177DEC2BD56568 /* [CP] Copy Pods Resources */,
			);
			buildRules = (
			);
			dependencies = (
				1AB2500F1E7F8B77007CFD1B /* PBXTargetDependency */,
			);
			name = IconifiedTests;
			productName = IconifiedTests;
			productReference = 1AB2500D1E7F8B77007CFD1B /* IconifiedTests.xctest */;
			productType = "com.apple.product-type.bundle.unit-test";
		};
		1AB250171E7F8B77007CFD1B /* IconifiedUITests */ = {
			isa = PBXNativeTarget;
			buildConfigurationList = 1AB250271E7F8B77007CFD1B /* Build configuration list for PBXNativeTarget "IconifiedUITests" */;
			buildPhases = (
				EA085CEDEA7605CC6FE852CC /* [CP] Check Pods Manifest.lock */,
				1AB250141E7F8B77007CFD1B /* Sources */,
				1AB250151E7F8B77007CFD1B /* Frameworks */,
				1AB250161E7F8B77007CFD1B /* Resources */,
				24179476FD0F7E185F82C45B /* [CP] Embed Pods Frameworks */,
				5032C12550860CC03E9CE77C /* [CP] Copy Pods Resources */,
			);
			buildRules = (
			);
			dependencies = (
				1AB2501A1E7F8B77007CFD1B /* PBXTargetDependency */,
			);
			name = IconifiedUITests;
			productName = IconifiedUITests;
			productReference = 1AB250181E7F8B77007CFD1B /* IconifiedUITests.xctest */;
			productType = "com.apple.product-type.bundle.ui-testing";
		};
/* End PBXNativeTarget section */

/* Begin PBXProject section */
		1AB24FEE1E7F8B77007CFD1B /* Project object */ = {
			isa = PBXProject;
			attributes = {
				LastSwiftUpdateCheck = 0820;
				LastUpgradeCheck = 0820;
				ORGANIZATIONNAME = "Shishira Skanda";
				TargetAttributes = {
					1AB24FF51E7F8B77007CFD1B = {
						CreatedOnToolsVersion = 8.2.1;
						DevelopmentTeam = Q7D4UJ9WS5;
						LastSwiftMigration = 0820;
						ProvisioningStyle = Automatic;
					};
					1AB2500C1E7F8B77007CFD1B = {
						CreatedOnToolsVersion = 8.2.1;
						ProvisioningStyle = Automatic;
						TestTargetID = 1AB24FF51E7F8B77007CFD1B;
					};
					1AB250171E7F8B77007CFD1B = {
						CreatedOnToolsVersion = 8.2.1;
						ProvisioningStyle = Automatic;
						TestTargetID = 1AB24FF51E7F8B77007CFD1B;
					};
				};
			};
			buildConfigurationList = 1AB24FF11E7F8B77007CFD1B /* Build configuration list for PBXProject "Iconified" */;
			compatibilityVersion = "Xcode 3.2";
			developmentRegion = English;
			hasScannedForEncodings = 0;
			knownRegions = (
				en,
				Base,
			);
			mainGroup = 1AB24FED1E7F8B77007CFD1B;
			productRefGroup = 1AB24FF71E7F8B77007CFD1B /* Products */;
			projectDirPath = "";
			projectReferences = (
				{
					ProductGroup = 1A1453631E86ADF3001D04BC /* Products */;
					ProjectRef = 1A50C0F21E86AC6C0077CCA1 /* Iconified.xcodeproj */;
				},
			);
			projectRoot = "";
			targets = (
				1AB24FF51E7F8B77007CFD1B /* Iconified */,
				1AB2500C1E7F8B77007CFD1B /* IconifiedTests */,
				1AB250171E7F8B77007CFD1B /* IconifiedUITests */,
			);
		};
/* End PBXProject section */

/* Begin PBXReferenceProxy section */
		1ACD6A5D1E94C9F8001DF141 /* Iconified.app */ = {
			isa = PBXReferenceProxy;
			fileType = wrapper.application;
			path = Iconified.app;
			remoteRef = 1ACD6A5C1E94C9F8001DF141 /* PBXContainerItemProxy */;
			sourceTree = BUILT_PRODUCTS_DIR;
		};
		1ACD6A5F1E94C9F8001DF141 /* IconifiedTests.xctest */ = {
			isa = PBXReferenceProxy;
			fileType = wrapper.cfbundle;
			path = IconifiedTests.xctest;
			remoteRef = 1ACD6A5E1E94C9F8001DF141 /* PBXContainerItemProxy */;
			sourceTree = BUILT_PRODUCTS_DIR;
		};
		1ACD6A611E94C9F8001DF141 /* IconifiedUITests.xctest */ = {
			isa = PBXReferenceProxy;
			fileType = wrapper.cfbundle;
			path = IconifiedUITests.xctest;
			remoteRef = 1ACD6A601E94C9F8001DF141 /* PBXContainerItemProxy */;
			sourceTree = BUILT_PRODUCTS_DIR;
		};
/* End PBXReferenceProxy section */

/* Begin PBXResourcesBuildPhase section */
		1AB24FF41E7F8B77007CFD1B /* Resources */ = {
			isa = PBXResourcesBuildPhase;
			buildActionMask = 2147483647;
			files = (
				1A5509911E8F6F38004786B1 /* Credits in Resources */,
				1A0C78E51E9765C600C1FFD5 /* userData.plist in Resources */,
				1A6B960D1EC03BF900F1BEBD /* BankCalloutView.xib in Resources */,
				1AB250071E7F8B77007CFD1B /* LaunchScreen.storyboard in Resources */,
				1AB250041E7F8B77007CFD1B /* Assets.xcassets in Resources */,
				1A873A321EAB2EFA00464EB3 /* PtvCalloutView.xib in Resources */,
				1A873A1B1EAA308600464EB3 /* EmergencyCalloutView.xib in Resources */,
				1AA2DF6C1EC1619500D0D76C /* SupermarketCalloutView.xib in Resources */,
				1A03CE521E94E7FD001E68A8 /* CustomCalloutView.xib in Resources */,
				1AB24FFF1E7F8B77007CFD1B /* Main.storyboard in Resources */,
			);
			runOnlyForDeploymentPostprocessing = 0;
		};
		1AB2500B1E7F8B77007CFD1B /* Resources */ = {
			isa = PBXResourcesBuildPhase;
			buildActionMask = 2147483647;
			files = (
			);
			runOnlyForDeploymentPostprocessing = 0;
		};
		1AB250161E7F8B77007CFD1B /* Resources */ = {
			isa = PBXResourcesBuildPhase;
			buildActionMask = 2147483647;
			files = (
			);
			runOnlyForDeploymentPostprocessing = 0;
		};
/* End PBXResourcesBuildPhase section */

/* Begin PBXShellScriptBuildPhase section */
		0CDE5DE8D8402977B1241C4A /* [CP] Check Pods Manifest.lock */ = {
			isa = PBXShellScriptBuildPhase;
			buildActionMask = 2147483647;
			files = (
			);
			inputPaths = (
			);
			name = "[CP] Check Pods Manifest.lock";
			outputPaths = (
			);
			runOnlyForDeploymentPostprocessing = 0;
			shellPath = /bin/sh;
			shellScript = "diff \"${PODS_ROOT}/../Podfile.lock\" \"${PODS_ROOT}/Manifest.lock\" > /dev/null\nif [ $? != 0 ] ; then\n    # print error to STDERR\n    echo \"error: The sandbox is not in sync with the Podfile.lock. Run 'pod install' or update your CocoaPods installation.\" >&2\n    exit 1\nfi\n";
			showEnvVarsInLog = 0;
		};
		0E38F089E6065A0A242AFE77 /* [CP] Copy Pods Resources */ = {
			isa = PBXShellScriptBuildPhase;
			buildActionMask = 2147483647;
			files = (
			);
			inputPaths = (
			);
			name = "[CP] Copy Pods Resources";
			outputPaths = (
			);
			runOnlyForDeploymentPostprocessing = 0;
			shellPath = /bin/sh;
			shellScript = "\"${SRCROOT}/Pods/Target Support Files/Pods-Iconified/Pods-Iconified-resources.sh\"\n";
			showEnvVarsInLog = 0;
		};
		24179476FD0F7E185F82C45B /* [CP] Embed Pods Frameworks */ = {
			isa = PBXShellScriptBuildPhase;
			buildActionMask = 2147483647;
			files = (
			);
			inputPaths = (
			);
			name = "[CP] Embed Pods Frameworks";
			outputPaths = (
			);
			runOnlyForDeploymentPostprocessing = 0;
			shellPath = /bin/sh;
			shellScript = "\"${SRCROOT}/Pods/Target Support Files/Pods-IconifiedUITests/Pods-IconifiedUITests-frameworks.sh\"\n";
			showEnvVarsInLog = 0;
		};
		5032C12550860CC03E9CE77C /* [CP] Copy Pods Resources */ = {
			isa = PBXShellScriptBuildPhase;
			buildActionMask = 2147483647;
			files = (
			);
			inputPaths = (
			);
			name = "[CP] Copy Pods Resources";
			outputPaths = (
			);
			runOnlyForDeploymentPostprocessing = 0;
			shellPath = /bin/sh;
			shellScript = "\"${SRCROOT}/Pods/Target Support Files/Pods-IconifiedUITests/Pods-IconifiedUITests-resources.sh\"\n";
			showEnvVarsInLog = 0;
		};
		BAF443770A6C9C38395F464B /* [CP] Embed Pods Frameworks */ = {
			isa = PBXShellScriptBuildPhase;
			buildActionMask = 2147483647;
			files = (
			);
			inputPaths = (
			);
			name = "[CP] Embed Pods Frameworks";
			outputPaths = (
			);
			runOnlyForDeploymentPostprocessing = 0;
			shellPath = /bin/sh;
			shellScript = "\"${SRCROOT}/Pods/Target Support Files/Pods-Iconified/Pods-Iconified-frameworks.sh\"\n";
			showEnvVarsInLog = 0;
		};
		C9C12D255A674BAF0D8EA66A /* [CP] Check Pods Manifest.lock */ = {
			isa = PBXShellScriptBuildPhase;
			buildActionMask = 2147483647;
			files = (
			);
			inputPaths = (
			);
			name = "[CP] Check Pods Manifest.lock";
			outputPaths = (
			);
			runOnlyForDeploymentPostprocessing = 0;
			shellPath = /bin/sh;
			shellScript = "diff \"${PODS_ROOT}/../Podfile.lock\" \"${PODS_ROOT}/Manifest.lock\" > /dev/null\nif [ $? != 0 ] ; then\n    # print error to STDERR\n    echo \"error: The sandbox is not in sync with the Podfile.lock. Run 'pod install' or update your CocoaPods installation.\" >&2\n    exit 1\nfi\n";
			showEnvVarsInLog = 0;
		};
		D981BD62E5177DEC2BD56568 /* [CP] Copy Pods Resources */ = {
			isa = PBXShellScriptBuildPhase;
			buildActionMask = 2147483647;
			files = (
			);
			inputPaths = (
			);
			name = "[CP] Copy Pods Resources";
			outputPaths = (
			);
			runOnlyForDeploymentPostprocessing = 0;
			shellPath = /bin/sh;
			shellScript = "\"${SRCROOT}/Pods/Target Support Files/Pods-IconifiedTests/Pods-IconifiedTests-resources.sh\"\n";
			showEnvVarsInLog = 0;
		};
		EA085CEDEA7605CC6FE852CC /* [CP] Check Pods Manifest.lock */ = {
			isa = PBXShellScriptBuildPhase;
			buildActionMask = 2147483647;
			files = (
			);
			inputPaths = (
			);
			name = "[CP] Check Pods Manifest.lock";
			outputPaths = (
			);
			runOnlyForDeploymentPostprocessing = 0;
			shellPath = /bin/sh;
			shellScript = "diff \"${PODS_ROOT}/../Podfile.lock\" \"${PODS_ROOT}/Manifest.lock\" > /dev/null\nif [ $? != 0 ] ; then\n    # print error to STDERR\n    echo \"error: The sandbox is not in sync with the Podfile.lock. Run 'pod install' or update your CocoaPods installation.\" >&2\n    exit 1\nfi\n";
			showEnvVarsInLog = 0;
		};
		FF794E93FF2D76B5CC1C14E3 /* [CP] Embed Pods Frameworks */ = {
			isa = PBXShellScriptBuildPhase;
			buildActionMask = 2147483647;
			files = (
			);
			inputPaths = (
			);
			name = "[CP] Embed Pods Frameworks";
			outputPaths = (
			);
			runOnlyForDeploymentPostprocessing = 0;
			shellPath = /bin/sh;
			shellScript = "\"${SRCROOT}/Pods/Target Support Files/Pods-IconifiedTests/Pods-IconifiedTests-frameworks.sh\"\n";
			showEnvVarsInLog = 0;
		};
/* End PBXShellScriptBuildPhase section */

/* Begin PBXSourcesBuildPhase section */
		1AB24FF21E7F8B77007CFD1B /* Sources */ = {
			isa = PBXSourcesBuildPhase;
			buildActionMask = 2147483647;
			files = (
				1A6B960F1EC03C2900F1BEBD /* BankCallout.swift in Sources */,
				5401EE3C1EB997870060D3E5 /* SupermarketAboutViewController.swift in Sources */,
				5401EE301EB854C50060D3E5 /* SupermarketViewController.swift in Sources */,
				1A7AA6AC1E8BBEB90027DD34 /* MenuViewController.swift in Sources */,
				1A50C0EB1E86444A0077CCA1 /* FoodDetailViewController.swift in Sources */,
				1A1453721E8900DF001D04BC /* FoodAboutViewController.swift in Sources */,
				1AB24FFA1E7F8B77007CFD1B /* AppDelegate.swift in Sources */,
				1AB250021E7F8B77007CFD1B /* Iconified.xcdatamodeld in Sources */,
				5401EE5E1EBB70F40060D3E5 /* BankPhotoAlbumViewController.swift in Sources */,
				1AAD80471EA5C6B20090D192 /*  TranslationFoodViewController.swift in Sources */,
				1A873A191EAA308600464EB3 /* EmergencyAnnotation.swift in Sources */,
				1A873A1C1EAA308600464EB3 /* EmergencyPhotoAlbumViewController.swift in Sources */,
				1A873A361EAC52EA00464EB3 /* FreeTramZoneViewController.swift in Sources */,
				1A0C78E01E972A4B00C1FFD5 /* PtvVideoViewController.swift in Sources */,
				1A873A251EAA308600464EB3 /* LanguageTableViewController.swift in Sources */,
				5401EE421EB99A640060D3E5 /* SupermarketDetailViewController.swift in Sources */,
				1AA966CD1E8DE258003271AE /* Reachability.swift in Sources */,
				1A873A1E1EAA308600464EB3 /* EmergencyViewController.swift in Sources */,
				1AC243F51E95D355007AC863 /* CallViewCustom.swift in Sources */,
				5401EE461EB9A5D10060D3E5 /* MarketAnnotation.swift in Sources */,
				1A6B960A1EBE169600F1BEBD /* MykiIntroViewController.swift in Sources */,
				1A50C0E71E85F5270077CCA1 /* FoodMapViewController.swift in Sources */,
				1A50C0F11E86A8EA0077CCA1 /* AnnotationView.swift in Sources */,
				1A50C0EF1E868FB50077CCA1 /* RestaurantAnnotation.swift in Sources */,
				1A873A241EAA308600464EB3 /* LanguageTableViewCell.swift in Sources */,
				5401EE441EB9A0C60060D3E5 /* Market.swift in Sources */,
				1AE38CFA1E94FB2A0003EF52 /* PtvWebViewController.swift in Sources */,
				5401EE601EBB71BA0060D3E5 /* BankWebViewController.swift in Sources */,
				549577441EA63A95003E127E /* AccommodationDetailViewController.swift in Sources */,
				5401EE4C1EB9E34B0060D3E5 /* Bank.swift in Sources */,
				1A27D6021E80D86300C028C1 /* FoodViewController.swift in Sources */,
				1AA2DF6E1EC161C200D0D76C /* SupermarketCallout.swift in Sources */,
				1A7AA6B01E8BC9430027DD34 /* ALRadialMenu.swift in Sources */,
				5401EE581EBB4C610060D3E5 /* BankViewController.swift in Sources */,
				5401EE481EB9D90B0060D3E5 /* SupermarketPhotoAlbumViewController.swift in Sources */,
				1A21534A1E9F3EE2004F28EE /* TranslationViewController.swift in Sources */,
				1A93BAD81E8A5950009FFE04 /* WebViewController.swift in Sources */,
				1A873A2E1EAB2E6900464EB3 /* StopsAnnotation.swift in Sources */,
				1A7B70941E94EE1E00411FC1 /* iCarousel.m in Sources */,
				1A873A1D1EAA308600464EB3 /* EmergencyPhotoCollectionViewCell.swift in Sources */,
				5401EE501EB9E4EA0060D3E5 /* BankAnnotation.swift in Sources */,
				1A50C0E51E8494AB0077CCA1 /* Place.swift in Sources */,
				1ABCE4F41EA4CC7500FFFB84 /* CuisineTableViewCell.swift in Sources */,
				5401EE5C1EBB5EFF0060D3E5 /* BankDetailViewController.swift in Sources */,
				5401EE561EBB3E0E0060D3E5 /* BankMapViewController.swift in Sources */,
				1A873A181EAA308600464EB3 /* EmergencyAboutViewController.swift in Sources */,
				1A873A1F1EAA308600464EB3 /* EmergencyWebViewController.swift in Sources */,
				1ABCE4F21EA4CC2000FFFB84 /* CuisineTableViewController.swift in Sources */,
				5401EE5A1EBB563E0060D3E5 /* BankAboutViewController.swift in Sources */,
				1A873A221EAA308600464EB3 /* Hospital.swift in Sources */,
				1AA966CF1E8E2304003271AE /* FoodPhotoAlbumViewController.swift in Sources */,
				1AAD80491EA711770090D192 /* MykiLocationViewController.swift in Sources */,
				5401EE361EB976A70060D3E5 /* SuperTableViewCell.swift in Sources */,
				1AA899061EC7D67D0092F46A /* AboutUsViewController.swift in Sources */,
				1A7AA6B21E8BC9850027DD34 /* ALRadialMenuButtonAction.swift in Sources */,
				1A0C78EB1E9B281900C1FFD5 /* PtvMapViewController.swift in Sources */,
				1A0C78E91E9A699500C1FFD5 /* TranslationWebViewController.swift in Sources */,
				1A873A201EAA308600464EB3 /* EmergenyDetailViewController.swift in Sources */,
				549577491EA66352003E127E /* HotelAnnotation.swift in Sources */,
				1AB2502E1E801010007CFD1B /* HomeViewController.swift in Sources */,
				1A0C78ED1E9BAA0500C1FFD5 /* PtvStops.swift in Sources */,
				1A873A261EAA308600464EB3 /* PoliceMapViewController.swift in Sources */,
				5401EE341EB976640060D3E5 /* SuperTableViewController.swift in Sources */,
				5401EE2F1EB854C50060D3E5 /* SupermarketMapViewController.swift in Sources */,
				1AAD80511EA76FC90090D192 /* MykiInfoViewController.swift in Sources */,
				1A873A301EAB2EDC00464EB3 /* PtvCalloutView.swift in Sources */,
				1AE38CFC1E95C0780003EF52 /* MykiViewController.swift in Sources */,
				1AEE66D71EC805A60042BE18 /* ArabicWebViewController.swift in Sources */,
				549577451EA63A95003E127E /* AccommodationMapViewController.swift in Sources */,
				1A873A341EAC4C6500464EB3 /* AppUtility.swift in Sources */,
				549577461EA63A95003E127E /* AccommodationViewController.swift in Sources */,
				1AA966D31E8E31A9003271AE /* FoodPhotoCollectionViewCell.swift in Sources */,
				1AE38CF81E94F65D0003EF52 /* TransportationDetailsViewController.swift in Sources */,
				1A873A231EAA308600464EB3 /* HospitalMapViewController.swift in Sources */,
				1AA966D91E8E51B6003271AE /* PhotoViewController.swift in Sources */,
				1A0C78E71E97B50800C1FFD5 /* SettingsViewController.swift in Sources */,
				5401EE4A1EB9D9B20060D3E5 /* SupermarketWebViewController.swift in Sources */,
				1A873A1A1EAA308600464EB3 /* EmergencyCallout.swift in Sources */,
			);
			runOnlyForDeploymentPostprocessing = 0;
		};
		1AB250091E7F8B77007CFD1B /* Sources */ = {
			isa = PBXSourcesBuildPhase;
			buildActionMask = 2147483647;
			files = (
				1AB250121E7F8B77007CFD1B /* IconifiedTests.swift in Sources */,
			);
			runOnlyForDeploymentPostprocessing = 0;
		};
		1AB250141E7F8B77007CFD1B /* Sources */ = {
			isa = PBXSourcesBuildPhase;
			buildActionMask = 2147483647;
			files = (
				1AB2501D1E7F8B77007CFD1B /* IconifiedUITests.swift in Sources */,
			);
			runOnlyForDeploymentPostprocessing = 0;
		};
/* End PBXSourcesBuildPhase section */

/* Begin PBXTargetDependency section */
		1AB2500F1E7F8B77007CFD1B /* PBXTargetDependency */ = {
			isa = PBXTargetDependency;
			target = 1AB24FF51E7F8B77007CFD1B /* Iconified */;
			targetProxy = 1AB2500E1E7F8B77007CFD1B /* PBXContainerItemProxy */;
		};
		1AB2501A1E7F8B77007CFD1B /* PBXTargetDependency */ = {
			isa = PBXTargetDependency;
			target = 1AB24FF51E7F8B77007CFD1B /* Iconified */;
			targetProxy = 1AB250191E7F8B77007CFD1B /* PBXContainerItemProxy */;
		};
/* End PBXTargetDependency section */

/* Begin PBXVariantGroup section */
		1AB24FFD1E7F8B77007CFD1B /* Main.storyboard */ = {
			isa = PBXVariantGroup;
			children = (
				1AB24FFE1E7F8B77007CFD1B /* Base */,
			);
			name = Main.storyboard;
			sourceTree = "<group>";
		};
		1AB250051E7F8B77007CFD1B /* LaunchScreen.storyboard */ = {
			isa = PBXVariantGroup;
			children = (
				1AB250061E7F8B77007CFD1B /* Base */,
			);
			name = LaunchScreen.storyboard;
			sourceTree = "<group>";
		};
/* End PBXVariantGroup section */

/* Begin XCBuildConfiguration section */
		1AB2501F1E7F8B77007CFD1B /* Debug */ = {
			isa = XCBuildConfiguration;
			buildSettings = {
				ALWAYS_SEARCH_USER_PATHS = NO;
				CLANG_ANALYZER_NONNULL = YES;
				CLANG_CXX_LANGUAGE_STANDARD = "gnu++0x";
				CLANG_CXX_LIBRARY = "libc++";
				CLANG_ENABLE_MODULES = YES;
				CLANG_ENABLE_OBJC_ARC = YES;
				CLANG_WARN_BOOL_CONVERSION = YES;
				CLANG_WARN_CONSTANT_CONVERSION = YES;
				CLANG_WARN_DIRECT_OBJC_ISA_USAGE = YES_ERROR;
				CLANG_WARN_DOCUMENTATION_COMMENTS = YES;
				CLANG_WARN_EMPTY_BODY = YES;
				CLANG_WARN_ENUM_CONVERSION = YES;
				CLANG_WARN_INFINITE_RECURSION = YES;
				CLANG_WARN_INT_CONVERSION = YES;
				CLANG_WARN_OBJC_ROOT_CLASS = YES_ERROR;
				CLANG_WARN_SUSPICIOUS_MOVE = YES;
				CLANG_WARN_UNREACHABLE_CODE = YES;
				CLANG_WARN__DUPLICATE_METHOD_MATCH = YES;
				"CODE_SIGN_IDENTITY[sdk=iphoneos*]" = "iPhone Developer";
				COPY_PHASE_STRIP = NO;
				DEBUG_INFORMATION_FORMAT = dwarf;
				ENABLE_STRICT_OBJC_MSGSEND = YES;
				ENABLE_TESTABILITY = YES;
				GCC_C_LANGUAGE_STANDARD = gnu99;
				GCC_DYNAMIC_NO_PIC = NO;
				GCC_NO_COMMON_BLOCKS = YES;
				GCC_OPTIMIZATION_LEVEL = 0;
				GCC_PREPROCESSOR_DEFINITIONS = (
					"DEBUG=1",
					"$(inherited)",
				);
				GCC_WARN_64_TO_32_BIT_CONVERSION = YES;
				GCC_WARN_ABOUT_RETURN_TYPE = YES_ERROR;
				GCC_WARN_UNDECLARED_SELECTOR = YES;
				GCC_WARN_UNINITIALIZED_AUTOS = YES_AGGRESSIVE;
				GCC_WARN_UNUSED_FUNCTION = YES;
				GCC_WARN_UNUSED_VARIABLE = YES;
				IPHONEOS_DEPLOYMENT_TARGET = 10.2;
				MTL_ENABLE_DEBUG_INFO = YES;
				ONLY_ACTIVE_ARCH = YES;
				SDKROOT = iphoneos;
				SWIFT_ACTIVE_COMPILATION_CONDITIONS = DEBUG;
				SWIFT_OPTIMIZATION_LEVEL = "-Onone";
				TARGETED_DEVICE_FAMILY = "1,2";
			};
			name = Debug;
		};
		1AB250201E7F8B77007CFD1B /* Release */ = {
			isa = XCBuildConfiguration;
			buildSettings = {
				ALWAYS_SEARCH_USER_PATHS = NO;
				CLANG_ANALYZER_NONNULL = YES;
				CLANG_CXX_LANGUAGE_STANDARD = "gnu++0x";
				CLANG_CXX_LIBRARY = "libc++";
				CLANG_ENABLE_MODULES = YES;
				CLANG_ENABLE_OBJC_ARC = YES;
				CLANG_WARN_BOOL_CONVERSION = YES;
				CLANG_WARN_CONSTANT_CONVERSION = YES;
				CLANG_WARN_DIRECT_OBJC_ISA_USAGE = YES_ERROR;
				CLANG_WARN_DOCUMENTATION_COMMENTS = YES;
				CLANG_WARN_EMPTY_BODY = YES;
				CLANG_WARN_ENUM_CONVERSION = YES;
				CLANG_WARN_INFINITE_RECURSION = YES;
				CLANG_WARN_INT_CONVERSION = YES;
				CLANG_WARN_OBJC_ROOT_CLASS = YES_ERROR;
				CLANG_WARN_SUSPICIOUS_MOVE = YES;
				CLANG_WARN_UNREACHABLE_CODE = YES;
				CLANG_WARN__DUPLICATE_METHOD_MATCH = YES;
				"CODE_SIGN_IDENTITY[sdk=iphoneos*]" = "iPhone Developer";
				COPY_PHASE_STRIP = NO;
				DEBUG_INFORMATION_FORMAT = "dwarf-with-dsym";
				ENABLE_NS_ASSERTIONS = NO;
				ENABLE_STRICT_OBJC_MSGSEND = YES;
				GCC_C_LANGUAGE_STANDARD = gnu99;
				GCC_NO_COMMON_BLOCKS = YES;
				GCC_WARN_64_TO_32_BIT_CONVERSION = YES;
				GCC_WARN_ABOUT_RETURN_TYPE = YES_ERROR;
				GCC_WARN_UNDECLARED_SELECTOR = YES;
				GCC_WARN_UNINITIALIZED_AUTOS = YES_AGGRESSIVE;
				GCC_WARN_UNUSED_FUNCTION = YES;
				GCC_WARN_UNUSED_VARIABLE = YES;
				IPHONEOS_DEPLOYMENT_TARGET = 10.2;
				MTL_ENABLE_DEBUG_INFO = NO;
				SDKROOT = iphoneos;
				SWIFT_OPTIMIZATION_LEVEL = "-Owholemodule";
				TARGETED_DEVICE_FAMILY = "1,2";
				VALIDATE_PRODUCT = YES;
			};
			name = Release;
		};
		1AB250221E7F8B77007CFD1B /* Debug */ = {
			isa = XCBuildConfiguration;
			baseConfigurationReference = B9E9CE75970723E465043775 /* Pods-Iconified.debug.xcconfig */;
			buildSettings = {
				ASSETCATALOG_COMPILER_APPICON_NAME = AppIcon;
				CLANG_ENABLE_MODULES = YES;
				"CODE_SIGN_IDENTITY[sdk=iphoneos*]" = "iPhone Developer";
				DEVELOPMENT_TEAM = Q7D4UJ9WS5;
				INFOPLIST_FILE = Iconified/Info.plist;
				LD_RUNPATH_SEARCH_PATHS = "$(inherited) @executable_path/Frameworks";
				PRODUCT_BUNDLE_IDENTIFIER = Monash.Iconified;
				PRODUCT_NAME = "$(TARGET_NAME)";
				SWIFT_OBJC_BRIDGING_HEADER = "Iconified/Iconified-Bridging-Header.h";
				SWIFT_OPTIMIZATION_LEVEL = "-Onone";
				SWIFT_VERSION = 3.0;
			};
			name = Debug;
		};
		1AB250231E7F8B77007CFD1B /* Release */ = {
			isa = XCBuildConfiguration;
			baseConfigurationReference = 2E1F4552E5EA655BED78E940 /* Pods-Iconified.release.xcconfig */;
			buildSettings = {
				ASSETCATALOG_COMPILER_APPICON_NAME = AppIcon;
				CLANG_ENABLE_MODULES = YES;
				"CODE_SIGN_IDENTITY[sdk=iphoneos*]" = "iPhone Developer";
				DEVELOPMENT_TEAM = Q7D4UJ9WS5;
				INFOPLIST_FILE = Iconified/Info.plist;
				LD_RUNPATH_SEARCH_PATHS = "$(inherited) @executable_path/Frameworks";
				PRODUCT_BUNDLE_IDENTIFIER = Monash.Iconified;
				PRODUCT_NAME = "$(TARGET_NAME)";
				SWIFT_OBJC_BRIDGING_HEADER = "Iconified/Iconified-Bridging-Header.h";
				SWIFT_VERSION = 3.0;
			};
			name = Release;
		};
		1AB250251E7F8B77007CFD1B /* Debug */ = {
			isa = XCBuildConfiguration;
			baseConfigurationReference = 92A83969EA3FE18C2990B71A /* Pods-IconifiedTests.debug.xcconfig */;
			buildSettings = {
				ALWAYS_EMBED_SWIFT_STANDARD_LIBRARIES = YES;
				BUNDLE_LOADER = "$(TEST_HOST)";
				INFOPLIST_FILE = IconifiedTests/Info.plist;
				LD_RUNPATH_SEARCH_PATHS = "$(inherited) @executable_path/Frameworks @loader_path/Frameworks";
				PRODUCT_BUNDLE_IDENTIFIER = Monash.IconifiedTests;
				PRODUCT_NAME = "$(TARGET_NAME)";
				SWIFT_VERSION = 3.0;
				TEST_HOST = "$(BUILT_PRODUCTS_DIR)/Iconified.app/Iconified";
			};
			name = Debug;
		};
		1AB250261E7F8B77007CFD1B /* Release */ = {
			isa = XCBuildConfiguration;
			baseConfigurationReference = E69ED678F34EA659AE90BB49 /* Pods-IconifiedTests.release.xcconfig */;
			buildSettings = {
				ALWAYS_EMBED_SWIFT_STANDARD_LIBRARIES = YES;
				BUNDLE_LOADER = "$(TEST_HOST)";
				INFOPLIST_FILE = IconifiedTests/Info.plist;
				LD_RUNPATH_SEARCH_PATHS = "$(inherited) @executable_path/Frameworks @loader_path/Frameworks";
				PRODUCT_BUNDLE_IDENTIFIER = Monash.IconifiedTests;
				PRODUCT_NAME = "$(TARGET_NAME)";
				SWIFT_VERSION = 3.0;
				TEST_HOST = "$(BUILT_PRODUCTS_DIR)/Iconified.app/Iconified";
			};
			name = Release;
		};
		1AB250281E7F8B77007CFD1B /* Debug */ = {
			isa = XCBuildConfiguration;
			baseConfigurationReference = F7E96B09B0A5895AF8537ED8 /* Pods-IconifiedUITests.debug.xcconfig */;
			buildSettings = {
				ALWAYS_EMBED_SWIFT_STANDARD_LIBRARIES = YES;
				INFOPLIST_FILE = IconifiedUITests/Info.plist;
				LD_RUNPATH_SEARCH_PATHS = "$(inherited) @executable_path/Frameworks @loader_path/Frameworks";
				PRODUCT_BUNDLE_IDENTIFIER = Monash.IconifiedUITests;
				PRODUCT_NAME = "$(TARGET_NAME)";
				SWIFT_VERSION = 3.0;
				TEST_TARGET_NAME = Iconified;
			};
			name = Debug;
		};
		1AB250291E7F8B77007CFD1B /* Release */ = {
			isa = XCBuildConfiguration;
			baseConfigurationReference = AD71392850B55F68E56CC765 /* Pods-IconifiedUITests.release.xcconfig */;
			buildSettings = {
				ALWAYS_EMBED_SWIFT_STANDARD_LIBRARIES = YES;
				INFOPLIST_FILE = IconifiedUITests/Info.plist;
				LD_RUNPATH_SEARCH_PATHS = "$(inherited) @executable_path/Frameworks @loader_path/Frameworks";
				PRODUCT_BUNDLE_IDENTIFIER = Monash.IconifiedUITests;
				PRODUCT_NAME = "$(TARGET_NAME)";
				SWIFT_VERSION = 3.0;
				TEST_TARGET_NAME = Iconified;
			};
			name = Release;
		};
/* End XCBuildConfiguration section */

/* Begin XCConfigurationList section */
		1AB24FF11E7F8B77007CFD1B /* Build configuration list for PBXProject "Iconified" */ = {
			isa = XCConfigurationList;
			buildConfigurations = (
				1AB2501F1E7F8B77007CFD1B /* Debug */,
				1AB250201E7F8B77007CFD1B /* Release */,
			);
			defaultConfigurationIsVisible = 0;
			defaultConfigurationName = Release;
		};
		1AB250211E7F8B77007CFD1B /* Build configuration list for PBXNativeTarget "Iconified" */ = {
			isa = XCConfigurationList;
			buildConfigurations = (
				1AB250221E7F8B77007CFD1B /* Debug */,
				1AB250231E7F8B77007CFD1B /* Release */,
			);
			defaultConfigurationIsVisible = 0;
			defaultConfigurationName = Release;
		};
		1AB250241E7F8B77007CFD1B /* Build configuration list for PBXNativeTarget "IconifiedTests" */ = {
			isa = XCConfigurationList;
			buildConfigurations = (
				1AB250251E7F8B77007CFD1B /* Debug */,
				1AB250261E7F8B77007CFD1B /* Release */,
			);
			defaultConfigurationIsVisible = 0;
			defaultConfigurationName = Release;
		};
		1AB250271E7F8B77007CFD1B /* Build configuration list for PBXNativeTarget "IconifiedUITests" */ = {
			isa = XCConfigurationList;
			buildConfigurations = (
				1AB250281E7F8B77007CFD1B /* Debug */,
				1AB250291E7F8B77007CFD1B /* Release */,
			);
			defaultConfigurationIsVisible = 0;
			defaultConfigurationName = Release;
		};
/* End XCConfigurationList section */

/* Begin XCVersionGroup section */
		1AB250001E7F8B77007CFD1B /* Iconified.xcdatamodeld */ = {
			isa = XCVersionGroup;
			children = (
				1AB250011E7F8B77007CFD1B /* Iconified.xcdatamodel */,
			);
			currentVersion = 1AB250011E7F8B77007CFD1B /* Iconified.xcdatamodel */;
			path = Iconified.xcdatamodeld;
			sourceTree = "<group>";
			versionGroupType = wrapper.xcdatamodel;
		};
/* End XCVersionGroup section */
	};
	rootObject = 1AB24FEE1E7F8B77007CFD1B /* Project object */;
}
